PODS:
  - Alamofire (5.4.3)
  - Defaults (4.2.2)
  - Firebase/Analytics (8.7.0):
    - Firebase/Core
  - Firebase/Core (8.7.0):
    - Firebase/CoreOnly
    - FirebaseAnalytics (~> 8.7.0)
  - Firebase/CoreOnly (8.7.0):
    - FirebaseCore (= 8.7.0)
  - Firebase/Crashlytics (8.7.0):
    - Firebase/CoreOnly
    - FirebaseCrashlytics (~> 8.7.0)
  - Firebase/Performance (8.7.0):
    - Firebase/CoreOnly
    - FirebasePerformance (~> 8.7.0)
  - FirebaseABTesting (8.7.0):
    - FirebaseCore (~> 8.0)
  - FirebaseAnalytics (8.7.0):
    - FirebaseAnalytics/AdIdSupport (= 8.7.0)
    - FirebaseCore (~> 8.0)
    - FirebaseInstallations (~> 8.0)
    - GoogleUtilities/AppDelegateSwizzler (~> 7.4)
    - GoogleUtilities/MethodSwizzler (~> 7.4)
    - GoogleUtilities/Network (~> 7.4)
    - "GoogleUtilities/NSData+zlib (~> 7.4)"
    - nanopb (~> 2.30908.0)
  - FirebaseAnalytics/AdIdSupport (8.7.0):
    - FirebaseCore (~> 8.0)
    - FirebaseInstallations (~> 8.0)
    - GoogleAppMeasurement (= 8.7.0)
    - GoogleUtilities/AppDelegateSwizzler (~> 7.4)
    - GoogleUtilities/MethodSwizzler (~> 7.4)
    - GoogleUtilities/Network (~> 7.4)
    - "GoogleUtilities/NSData+zlib (~> 7.4)"
    - nanopb (~> 2.30908.0)
  - FirebaseCore (8.7.0):
    - FirebaseCoreDiagnostics (~> 8.0)
    - GoogleUtilities/Environment (~> 7.4)
    - GoogleUtilities/Logger (~> 7.4)
  - FirebaseCoreDiagnostics (8.7.0):
    - GoogleDataTransport (~> 9.0)
    - GoogleUtilities/Environment (~> 7.4)
    - GoogleUtilities/Logger (~> 7.4)
    - nanopb (~> 2.30908.0)
  - FirebaseCrashlytics (8.7.0):
    - FirebaseCore (~> 8.0)
    - FirebaseInstallations (~> 8.0)
    - GoogleDataTransport (~> 9.0)
    - GoogleUtilities/Environment (~> 7.4)
    - nanopb (~> 2.30908.0)
    - PromisesObjC (< 3.0, >= 1.2)
  - FirebaseInstallations (8.7.0):
    - FirebaseCore (~> 8.0)
    - GoogleUtilities/Environment (~> 7.4)
    - GoogleUtilities/UserDefaults (~> 7.4)
    - PromisesObjC (< 3.0, >= 1.2)
  - FirebasePerformance (8.7.0):
    - FirebaseCore (~> 8.0)
    - FirebaseInstallations (~> 8.0)
    - FirebaseRemoteConfig (~> 8.0)
    - GoogleDataTransport (~> 9.0)
    - GoogleUtilities/Environment (~> 7.4)
    - GoogleUtilities/ISASwizzler (~> 7.4)
    - GoogleUtilities/MethodSwizzler (~> 7.4)
    - nanopb (~> 2.30908.0)
  - FirebaseRemoteConfig (8.7.0):
    - FirebaseABTesting (~> 8.0)
    - FirebaseCore (~> 8.0)
    - FirebaseInstallations (~> 8.0)
    - GoogleUtilities/Environment (~> 7.4)
    - "GoogleUtilities/NSData+zlib (~> 7.4)"
  - FluxxKit (1.1.0)
  - FontAwesome.swift (1.9.1)
  - GoogleAppMeasurement (8.7.0):
    - GoogleAppMeasurement/AdIdSupport (= 8.7.0)
    - GoogleUtilities/AppDelegateSwizzler (~> 7.4)
    - GoogleUtilities/MethodSwizzler (~> 7.4)
    - GoogleUtilities/Network (~> 7.4)
    - "GoogleUtilities/NSData+zlib (~> 7.4)"
    - nanopb (~> 2.30908.0)
  - GoogleAppMeasurement/AdIdSupport (8.7.0):
    - GoogleUtilities/AppDelegateSwizzler (~> 7.4)
    - GoogleUtilities/MethodSwizzler (~> 7.4)
    - GoogleUtilities/Network (~> 7.4)
    - "GoogleUtilities/NSData+zlib (~> 7.4)"
    - nanopb (~> 2.30908.0)
  - GoogleDataTransport (9.1.0):
    - GoogleUtilities/Environment (~> 7.2)
    - nanopb (~> 2.30908.0)
    - PromisesObjC (< 3.0, >= 1.2)
  - GoogleUtilities/AppDelegateSwizzler (7.5.2):
    - GoogleUtilities/Environment
    - GoogleUtilities/Logger
    - GoogleUtilities/Network
  - GoogleUtilities/Environment (7.5.2):
    - PromisesObjC (< 3.0, >= 1.2)
  - GoogleUtilities/ISASwizzler (7.5.2)
  - GoogleUtilities/Logger (7.5.2):
    - GoogleUtilities/Environment
  - GoogleUtilities/MethodSwizzler (7.5.2):
    - GoogleUtilities/Logger
  - GoogleUtilities/Network (7.5.2):
    - GoogleUtilities/Logger
    - "GoogleUtilities/NSData+zlib"
    - GoogleUtilities/Reachability
  - "GoogleUtilities/NSData+zlib (7.5.2)"
  - GoogleUtilities/Reachability (7.5.2):
    - GoogleUtilities/Logger
  - GoogleUtilities/UserDefaults (7.5.2):
    - GoogleUtilities/Logger
  - HTMLString (6.0.1)
  - Hue (5.0.0)
  - IoniconsKit (1.2.0)
  - KeychainAccess (4.2.2)
  - Keys (1.0.1)
  - Kingfisher (6.3.1)
  - MarkdownView (1.8.3)
  - Moya/Core (15.0.0):
    - Alamofire (~> 5.0)
  - Moya/RxSwift (15.0.0):
    - Moya/Core
    - RxSwift (~> 6.0)
  - nanopb (2.30908.0):
    - nanopb/decode (= 2.30908.0)
    - nanopb/encode (= 2.30908.0)
  - nanopb/decode (2.30908.0)
  - nanopb/encode (2.30908.0)
  - Parchment (3.0.1)
  - PromisesObjC (2.0.0)
  - ReachabilitySwift (5.0.0)
  - Realm (10.15.1):
    - Realm/Headers (= 10.15.1)
  - Realm/Headers (10.15.1)
  - RealmSwift (10.15.1):
    - Realm (= 10.15.1)
  - Reusable (4.1.2):
    - Reusable/Storyboard (= 4.1.2)
    - Reusable/View (= 4.1.2)
  - Reusable/Storyboard (4.1.2)
  - Reusable/View (4.1.2)
  - RKDropdownAlert (0.3.0)
  - RxCocoa (6.2.0):
    - RxRelay (= 6.2.0)
    - RxSwift (= 6.2.0)
  - RxRelay (6.2.0):
    - RxSwift (= 6.2.0)
  - RxSwift (6.2.0)
  - SwiftDate (6.3.1)
  - SwiftGen (6.4.0)
  - SwiftLint (0.44.0)
  - SwiftyBeaver (1.9.5)
  - Umbrella (0.12.0):
    - Umbrella/Core (= 0.12.0)
  - Umbrella/Answers (0.12.0):
    - Umbrella/Core
  - Umbrella/Core (0.12.0)
  - Umbrella/Firebase (0.12.0):
    - Umbrella/Core

DEPENDENCIES:
  - Defaults
  - Firebase/Analytics
  - Firebase/Core
  - Firebase/Crashlytics
  - Firebase/Performance
  - FluxxKit
  - FontAwesome.swift
  - HTMLString
  - Hue
  - IoniconsKit
  - KeychainAccess
  - Keys (from `Pods/CocoaPodsKeys`)
  - Kingfisher
  - MarkdownView
  - Moya/RxSwift
  - Parchment
  - ReachabilitySwift
  - RealmSwift
  - Reusable
  - RKDropdownAlert
  - RxCocoa
  - RxSwift
  - SwiftDate
  - SwiftGen
  - SwiftLint
  - SwiftyBeaver
  - Umbrella
  - Umbrella/Answers
  - Umbrella/Firebase

SPEC REPOS:
  trunk:
    - Alamofire
    - Defaults
    - Firebase
    - FirebaseABTesting
    - FirebaseAnalytics
    - FirebaseCore
    - FirebaseCoreDiagnostics
    - FirebaseCrashlytics
    - FirebaseInstallations
    - FirebasePerformance
    - FirebaseRemoteConfig
    - FluxxKit
    - FontAwesome.swift
    - GoogleAppMeasurement
    - GoogleDataTransport
    - GoogleUtilities
    - HTMLString
    - Hue
    - IoniconsKit
    - KeychainAccess
    - Kingfisher
    - MarkdownView
    - Moya
    - nanopb
    - Parchment
    - PromisesObjC
    - ReachabilitySwift
    - Realm
    - RealmSwift
    - Reusable
    - RKDropdownAlert
    - RxCocoa
    - RxRelay
    - RxSwift
    - SwiftDate
    - SwiftGen
    - SwiftLint
    - SwiftyBeaver
    - Umbrella

EXTERNAL SOURCES:
  Keys:
    :path: Pods/CocoaPodsKeys

SPEC CHECKSUMS:
  Alamofire: e447a2774a40c996748296fa2c55112fdbbc42f9
  Defaults: d785e56c0fb8890dc40351603f05c8e1df1bdd45
  Firebase: bc9325d5ee2041524bac78a5213d0e530c651309
  FirebaseABTesting: 5a72ea0e88422f9e223614cb4016cafffb2af8d1
  FirebaseAnalytics: 52768800c2add1d84b751420cb4caaf8195f2c41
  FirebaseCore: f4804c1d3f4bbbefc88904d15653038f2c99ddf7
  FirebaseCoreDiagnostics: b63732f581a1c6a453ec7241f9ab60b3a5bd3450
  FirebaseCrashlytics: 6fac03d1eef054833b71c929c93ab95c12989728
  FirebaseInstallations: ede6fb72bb6337914e5888b399271259d0c4910c
  FirebasePerformance: a1a23adbc53917d7654c349d355371d5239cc340
  FirebaseRemoteConfig: 34300dd83055c06e2768d0932dd8fb2c1575745f
  FluxxKit: b1e59a46cc9d94b2693a331523429f858ebc59a8
  FontAwesome.swift: 6b52cb7be66eacd28cbfaa0ca7ffd0de4a186a1d
  GoogleAppMeasurement: 2be61ce546ad074dbe4dd545f222ac6033bb1d9e
  GoogleDataTransport: 85fd18ff3019bb85d3f2c551d04c481dedf71fc9
  GoogleUtilities: 8de2a97a17e15b6b98e38e8770e2d129a57c0040
  HTMLString: 4abe8cbe94660b328bbe4fc014dabdf0481b16a7
  Hue: c129cb67be7d093a82bbbc30ce8a96757bf6f37a
  IoniconsKit: 97db493dc2dd21f4959daec1b155f718e46b5916
  KeychainAccess: c0c4f7f38f6fc7bbe58f5702e25f7bd2f65abf51
  Keys: a576f4c9c1c641ca913a959a9c62ed3f215a8de9
  Kingfisher: 016c8b653a35add51dd34a3aba36b580041acc74
  MarkdownView: 44a260beec01538e6cdbbce9c2f631b1f3634907
  Moya: 138f0573e53411fb3dc17016add0b748dfbd78ee
  nanopb: a0ba3315591a9ae0a16a309ee504766e90db0c96
  Parchment: 466a1cfb6151780db8acb4bbedc2d9c6bfa1e2ff
  PromisesObjC: 68159ce6952d93e17b2dfe273b8c40907db5ba58
  ReachabilitySwift: 985039c6f7b23a1da463388634119492ff86c825
  Realm: fbcbde2620d51623cc5b18e28f5b165c39abef52
  RealmSwift: e4bea8e42efad3d543aea23b56504069c6faaea2
  Reusable: 6bae6a5e8aa793c9c441db0213c863a64bce9136
  RKDropdownAlert: f4b3364c251829ad439dc666836a1f2dad26f4c7
  RxCocoa: 4baf94bb35f2c0ab31bc0cb9f1900155f646ba42
  RxRelay: e72dbfd157807478401ef1982e1c61c945c94b2f
  RxSwift: d356ab7bee873611322f134c5f9ef379fa183d8f
  SwiftDate: 72d28954e8e1c6c1c0f917ccc8005e4f83c7d4b2
  SwiftGen: 67860cc7c3cfc2ed25b9b74cfd55495fc89f9108
  SwiftLint: e96c0a8c770c7ebbc4d36c55baf9096bb65c4584
  SwiftyBeaver: 84069991dd5dca07d7069100985badaca7f0ce82
  Umbrella: 4faf9786a6b29197608f6483711271104d237646

PODFILE CHECKSUM: 29d2256321864f32baaaa3da4622c89c5f7c5bfd

COCOAPODS: 1.11.2
