// !$*UTF8*$!
{
	archiveVersion = 1;
	classes = {
	};
	objectVersion = 51;
	objects = {

/* Begin PBXBuildFile section */
		3E0A5E4B2699A6F5004C3AB4 /* WatchingState.swift in Sources */ = {isa = PBXBuildFile; fileRef = 3E0A5E4A2699A6F5004C3AB4 /* WatchingState.swift */; };
		3E0EF36F26AE6F4100D6E3BD /* FollowingTag.swift in Sources */ = {isa = PBXBuildFile; fileRef = 3E0EF36E26AE6F4100D6E3BD /* FollowingTag.swift */; };
		3E19B52420AAF1C9005F3745 /* Item.swift in Sources */ = {isa = PBXBuildFile; fileRef = 3E19B52320AAF1C9005F3745 /* Item.swift */; };
		3E19B52620AAF1D2005F3745 /* User.swift in Sources */ = {isa = PBXBuildFile; fileRef = 3E19B52520AAF1D2005F3745 /* User.swift */; };
		3E19B52820AAF1DA005F3745 /* ItemTag.swift in Sources */ = {isa = PBXBuildFile; fileRef = 3E19B52720AAF1DA005F3745 /* ItemTag.swift */; };
		3E19B52B20AAF391005F3745 /* MINQCodable.swift in Sources */ = {isa = PBXBuildFile; fileRef = 3E19B52A20AAF391005F3745 /* MINQCodable.swift */; };
		3E19B53320AAF99A005F3745 /* API.swift in Sources */ = {isa = PBXBuildFile; fileRef = 3E19B53220AAF99A005F3745 /* API.swift */; };
		3E19B53520AB0765005F3745 /* Paging.swift in Sources */ = {isa = PBXBuildFile; fileRef = 3E19B53420AB0765005F3745 /* Paging.swift */; };
		3E19B53720AB09B3005F3745 /* Container.swift in Sources */ = {isa = PBXBuildFile; fileRef = 3E19B53620AB09B3005F3745 /* Container.swift */; };
		3E19B53920AB1C6E005F3745 /* Link.swift in Sources */ = {isa = PBXBuildFile; fileRef = 3E19B53820AB1C6E005F3745 /* Link.swift */; };
		3E1D87AF20B3BA0100E9F950 /* EmptyStateView.xib in Resources */ = {isa = PBXBuildFile; fileRef = 3E1D87A720B3BA0000E9F950 /* EmptyStateView.xib */; };
		3E1D87B020B3BA0100E9F950 /* LoadingStateView.swift in Sources */ = {isa = PBXBuildFile; fileRef = 3E1D87A820B3BA0000E9F950 /* LoadingStateView.swift */; };
		3E1D87B120B3BA0100E9F950 /* EmptyStateView.swift in Sources */ = {isa = PBXBuildFile; fileRef = 3E1D87A920B3BA0000E9F950 /* EmptyStateView.swift */; };
		3E1D87B220B3BA0100E9F950 /* FailedStateView.xib in Resources */ = {isa = PBXBuildFile; fileRef = 3E1D87AA20B3BA0000E9F950 /* FailedStateView.xib */; };
		3E1D87B320B3BA0100E9F950 /* FailedStateView.swift in Sources */ = {isa = PBXBuildFile; fileRef = 3E1D87AB20B3BA0000E9F950 /* FailedStateView.swift */; };
		3E1D87B420B3BA0100E9F950 /* InitialStateView.swift in Sources */ = {isa = PBXBuildFile; fileRef = 3E1D87AC20B3BA0000E9F950 /* InitialStateView.swift */; };
		3E2101B020ABF1A10023FA06 /* OAuthService.swift in Sources */ = {isa = PBXBuildFile; fileRef = 3E2101AF20ABF1A10023FA06 /* OAuthService.swift */; };
		3E2101B320ABF89F0023FA06 /* Authentication.swift in Sources */ = {isa = PBXBuildFile; fileRef = 3E2101B220ABF89F0023FA06 /* Authentication.swift */; };
		3E2101B520AC05420023FA06 /* ErrorMessage.swift in Sources */ = {isa = PBXBuildFile; fileRef = 3E2101B420AC05420023FA06 /* ErrorMessage.swift */; };
		3E2101B820AC07530023FA06 /* NetworkLoggingPlugin.swift in Sources */ = {isa = PBXBuildFile; fileRef = 3E2101B720AC07530023FA06 /* NetworkLoggingPlugin.swift */; };
		3E2101BA20AC07CD0023FA06 /* Debugger.swift in Sources */ = {isa = PBXBuildFile; fileRef = 3E2101B920AC07CD0023FA06 /* Debugger.swift */; };
		3E2101BC20AC094E0023FA06 /* AuthenticationPlugin.swift in Sources */ = {isa = PBXBuildFile; fileRef = 3E2101BB20AC094E0023FA06 /* AuthenticationPlugin.swift */; };
		3E210E37269AAAF500B07689 /* ItemCollectionViewModel.swift in Sources */ = {isa = PBXBuildFile; fileRef = 3E210E36269AAAF500B07689 /* ItemCollectionViewModel.swift */; };
		3E210E3A269AF85100B07689 /* Style.swift in Sources */ = {isa = PBXBuildFile; fileRef = 3E210E39269AF85100B07689 /* Style.swift */; };
		3E210E3C269AF8F300B07689 /* Icon.swift in Sources */ = {isa = PBXBuildFile; fileRef = 3E210E3B269AF8F300B07689 /* Icon.swift */; };
		3E210E3E269AF93F00B07689 /* Constant.swift in Sources */ = {isa = PBXBuildFile; fileRef = 3E210E3D269AF93F00B07689 /* Constant.swift */; };
		3E22C7AF20A95391000A28A6 /* AppDelegate.swift in Sources */ = {isa = PBXBuildFile; fileRef = 3E22C7AE20A95391000A28A6 /* AppDelegate.swift */; };
		3E22C7B620A95393000A28A6 /* Images.xcassets in Resources */ = {isa = PBXBuildFile; fileRef = 3E22C7B520A95393000A28A6 /* Images.xcassets */; };
		3E22C7B920A95393000A28A6 /* LaunchScreen.storyboard in Resources */ = {isa = PBXBuildFile; fileRef = 3E22C7B720A95393000A28A6 /* LaunchScreen.storyboard */; };
		3E2ED41220C7CC12008F1E69 /* GoogleService-Info.plist in Resources */ = {isa = PBXBuildFile; fileRef = 3E2ED41120C7CC12008F1E69 /* GoogleService-Info.plist */; };
		3E2ED41520C7D547008F1E69 /* AnalyticsService.swift in Sources */ = {isa = PBXBuildFile; fileRef = 3E2ED41420C7D547008F1E69 /* AnalyticsService.swift */; };
		3E325DA726EC425A005E6E09 /* github_styled.css in Resources */ = {isa = PBXBuildFile; fileRef = 3E325DA626EC425A005E6E09 /* github_styled.css */; };
		3E325DA926EC433F005E6E09 /* highlight.css in Resources */ = {isa = PBXBuildFile; fileRef = 3E325DA826EC433F005E6E09 /* highlight.css */; };
		3E325DAB26EC4B1C005E6E09 /* iPad.css in Resources */ = {isa = PBXBuildFile; fileRef = 3E325DAA26EC4B1C005E6E09 /* iPad.css */; };
		3E325DB226EC8815005E6E09 /* markdown-it-footnote.min.js in Resources */ = {isa = PBXBuildFile; fileRef = 3E325DB126EC8815005E6E09 /* markdown-it-footnote.min.js */; };
		3E325DB826EC8B6D005E6E09 /* Markdown.swift in Sources */ = {isa = PBXBuildFile; fileRef = 3E325DB726EC8B6D005E6E09 /* Markdown.swift */; };
		3E325DBA26EC8D9B005E6E09 /* markdown-it-sup.min.js in Resources */ = {isa = PBXBuildFile; fileRef = 3E325DB926EC8D9B005E6E09 /* markdown-it-sup.min.js */; };
		3E325DBC26EC8DB0005E6E09 /* markdown-it-sub.min.js in Resources */ = {isa = PBXBuildFile; fileRef = 3E325DBB26EC8DB0005E6E09 /* markdown-it-sub.min.js */; };
		3E35323B20B53BB40013CEBE /* UIProgressView.swift in Sources */ = {isa = PBXBuildFile; fileRef = 3E35323A20B53BB40013CEBE /* UIProgressView.swift */; };
		3E35323F20B5648E0013CEBE /* AppRootViewModel.swift in Sources */ = {isa = PBXBuildFile; fileRef = 3E35323E20B5648E0013CEBE /* AppRootViewModel.swift */; };
		3E3A053C20AD25FD0019CFC1 /* AppRootViewController.swift in Sources */ = {isa = PBXBuildFile; fileRef = 3E3A053B20AD25FD0019CFC1 /* AppRootViewController.swift */; };
		3E3A053E20AD26220019CFC1 /* MenuViewController.swift in Sources */ = {isa = PBXBuildFile; fileRef = 3E3A053D20AD26220019CFC1 /* MenuViewController.swift */; };
		3E431F46269EE4AB0067D91D /* MINQStoryboards.swift in Sources */ = {isa = PBXBuildFile; fileRef = 3E431F45269EE4AB0067D91D /* MINQStoryboards.swift */; };
		3E43828E20B65EE000BCBDDC /* HistoryViewController.swift in Sources */ = {isa = PBXBuildFile; fileRef = 3E43828D20B65EE000BCBDDC /* HistoryViewController.swift */; };
		3E43829020B65F2600BCBDDC /* HistoryCell.swift in Sources */ = {isa = PBXBuildFile; fileRef = 3E43828F20B65F2600BCBDDC /* HistoryCell.swift */; };
		3E43829420B674E700BCBDDC /* AuthRequiredView.swift in Sources */ = {isa = PBXBuildFile; fileRef = 3E43829320B674E700BCBDDC /* AuthRequiredView.swift */; };
		3E43829620B6750700BCBDDC /* AuthRequiredView.xib in Resources */ = {isa = PBXBuildFile; fileRef = 3E43829520B6750700BCBDDC /* AuthRequiredView.xib */; };
		3E5187E020C82EB100FC8937 /* MINQAssets.swift in Sources */ = {isa = PBXBuildFile; fileRef = 3E5187DB20C82EB000FC8937 /* MINQAssets.swift */; };
		3E5187E220C82EB100FC8937 /* ItemRecord.swift in Sources */ = {isa = PBXBuildFile; fileRef = 3E5187DD20C82EB100FC8937 /* ItemRecord.swift */; };
		3E5187E320C82EB100FC8937 /* TagRecord.swift in Sources */ = {isa = PBXBuildFile; fileRef = 3E5187DE20C82EB100FC8937 /* TagRecord.swift */; };
		3E5187E420C82EB100FC8937 /* UserRecord.swift in Sources */ = {isa = PBXBuildFile; fileRef = 3E5187DF20C82EB100FC8937 /* UserRecord.swift */; };
		3E57231826A907A500E4D47D /* ChannelsViewController.swift in Sources */ = {isa = PBXBuildFile; fileRef = 3E57231726A907A500E4D47D /* ChannelsViewController.swift */; };
		3E57231A26A9256F00E4D47D /* ChannelHeader.swift in Sources */ = {isa = PBXBuildFile; fileRef = 3E57231926A9256F00E4D47D /* ChannelHeader.swift */; };
		3E57231C26A96BC900E4D47D /* ChannelCell.swift in Sources */ = {isa = PBXBuildFile; fileRef = 3E57231B26A96BC900E4D47D /* ChannelCell.swift */; };
		3E57231E26A9704300E4D47D /* ChannelsViewModel.swift in Sources */ = {isa = PBXBuildFile; fileRef = 3E57231D26A9704300E4D47D /* ChannelsViewModel.swift */; };
		3E5CD53920AD42C200BEEADB /* SettingsViewController.swift in Sources */ = {isa = PBXBuildFile; fileRef = 3E5CD53820AD42C200BEEADB /* SettingsViewController.swift */; };
		3E5CD53B20AD42D000BEEADB /* SearchViewController.swift in Sources */ = {isa = PBXBuildFile; fileRef = 3E5CD53A20AD42D000BEEADB /* SearchViewController.swift */; };
		3E5CD54120AD42F300BEEADB /* HomeViewController.swift in Sources */ = {isa = PBXBuildFile; fileRef = 3E5CD54020AD42F300BEEADB /* HomeViewController.swift */; };
		3E5CD54320AD447B00BEEADB /* AppInfo.swift in Sources */ = {isa = PBXBuildFile; fileRef = 3E5CD54220AD447B00BEEADB /* AppInfo.swift */; };
		3E5CD54520AD4A0300BEEADB /* UIViewController.swift in Sources */ = {isa = PBXBuildFile; fileRef = 3E5CD54420AD4A0300BEEADB /* UIViewController.swift */; };
		3E5CD54720AD4A3800BEEADB /* MINQExtension.swift in Sources */ = {isa = PBXBuildFile; fileRef = 3E5CD54620AD4A3800BEEADB /* MINQExtension.swift */; };
		3E5CD54920AD4ACB00BEEADB /* UIView.swift in Sources */ = {isa = PBXBuildFile; fileRef = 3E5CD54820AD4ACB00BEEADB /* UIView.swift */; };
		3E5CD54E20AD61A000BEEADB /* ItemCollectionViewController.swift in Sources */ = {isa = PBXBuildFile; fileRef = 3E5CD54D20AD61A000BEEADB /* ItemCollectionViewController.swift */; };
		3E5CD55220AD628600BEEADB /* ItemCollectionCell.swift in Sources */ = {isa = PBXBuildFile; fileRef = 3E5CD55120AD628600BEEADB /* ItemCollectionCell.swift */; };
		3E5CD55420AD64F400BEEADB /* ItemQuery.swift in Sources */ = {isa = PBXBuildFile; fileRef = 3E5CD55320AD64F400BEEADB /* ItemQuery.swift */; };
		3E5E1E1B26E8AF4B0098F0E3 /* UserButton.swift in Sources */ = {isa = PBXBuildFile; fileRef = 3E5E1E1A26E8AF4B0098F0E3 /* UserButton.swift */; };
		3E700F4B2688027F00B9255D /* ItemDetailHeaderView.swift in Sources */ = {isa = PBXBuildFile; fileRef = 3E700F4A2688027F00B9255D /* ItemDetailHeaderView.swift */; };
		3E700F4F26883CE500B9255D /* ReloadableFooterView.swift in Sources */ = {isa = PBXBuildFile; fileRef = 3E700F4E26883CE500B9255D /* ReloadableFooterView.swift */; };
		3E700F5126883D6500B9255D /* ReloadableFooterView.xib in Resources */ = {isa = PBXBuildFile; fileRef = 3E700F5026883D6500B9255D /* ReloadableFooterView.xib */; };
		3E700F5626884C0D00B9255D /* TypeAlias.swift in Sources */ = {isa = PBXBuildFile; fileRef = 3E700F5526884C0D00B9255D /* TypeAlias.swift */; };
		3E700F582688506A00B9255D /* ComplementalStateView.swift in Sources */ = {isa = PBXBuildFile; fileRef = 3E700F572688506A00B9255D /* ComplementalStateView.swift */; };
		3E76953820CA51090007FCAF /* Settings.bundle in Resources */ = {isa = PBXBuildFile; fileRef = 3E76953720CA51090007FCAF /* Settings.bundle */; };
		3E7C919126EE153B0025DB61 /* TagsView.swift in Sources */ = {isa = PBXBuildFile; fileRef = 3E7C919026EE153B0025DB61 /* TagsView.swift */; };
		3E8D2BB320AE8F220024ABB7 /* ItemCollectionStore.swift in Sources */ = {isa = PBXBuildFile; fileRef = 3E8D2BB220AE8F220024ABB7 /* ItemCollectionStore.swift */; };
		3E8D2BB520AE912E0024ABB7 /* RequestState.swift in Sources */ = {isa = PBXBuildFile; fileRef = 3E8D2BB420AE912E0024ABB7 /* RequestState.swift */; };
		3E8D2BBC20AE9D240024ABB7 /* ItemCollectionRecord.swift in Sources */ = {isa = PBXBuildFile; fileRef = 3E8D2BBB20AE9D240024ABB7 /* ItemCollectionRecord.swift */; };
		3E8D2BBF20AEB1D40024ABB7 /* URL.swift in Sources */ = {isa = PBXBuildFile; fileRef = 3E8D2BBE20AEB1D40024ABB7 /* URL.swift */; };
		3E907F3120B3E61A006A3478 /* Navigator.swift in Sources */ = {isa = PBXBuildFile; fileRef = 3E907F3020B3E61A006A3478 /* Navigator.swift */; };
		3E907F3520B3F5DA006A3478 /* ItemDetail.storyboard in Resources */ = {isa = PBXBuildFile; fileRef = 3E907F3420B3F5DA006A3478 /* ItemDetail.storyboard */; };
		3E907F3720B3F5E7006A3478 /* ItemDetailViewController.swift in Sources */ = {isa = PBXBuildFile; fileRef = 3E907F3620B3F5E7006A3478 /* ItemDetailViewController.swift */; };
		3E907F3B20B409EF006A3478 /* MINQDatabase.swift in Sources */ = {isa = PBXBuildFile; fileRef = 3E907F3A20B409EF006A3478 /* MINQDatabase.swift */; };
		3E907F3D20B40B6F006A3478 /* ItemDetailViewModel.swift in Sources */ = {isa = PBXBuildFile; fileRef = 3E907F3C20B40B6F006A3478 /* ItemDetailViewModel.swift */; };
		3E91752326AD951A00C6CE4F /* FollowingTagRecord.swift in Sources */ = {isa = PBXBuildFile; fileRef = 3E91752226AD951A00C6CE4F /* FollowingTagRecord.swift */; };
		3EA0886026EFA8CF00081470 /* markdown-it-katex.min.js in Resources */ = {isa = PBXBuildFile; fileRef = 3EA0885F26EFA8CF00081470 /* markdown-it-katex.min.js */; };
		3EBE76BC26933B6500CBBAB2 /* CommentsViewController.swift in Sources */ = {isa = PBXBuildFile; fileRef = 3EBE76BB26933B6500CBBAB2 /* CommentsViewController.swift */; };
		3ECB59C620A965CA0037BD99 /* Colors.xcassets in Resources */ = {isa = PBXBuildFile; fileRef = 3ECB59C520A965CA0037BD99 /* Colors.xcassets */; };
		3ECC12D126DDE7B600A495E1 /* ItemRepository.swift in Sources */ = {isa = PBXBuildFile; fileRef = 3ECC12D026DDE7B600A495E1 /* ItemRepository.swift */; };
		3ECC12D326DDE95E00A495E1 /* ItemTagRepository.swift in Sources */ = {isa = PBXBuildFile; fileRef = 3ECC12D226DDE95E00A495E1 /* ItemTagRepository.swift */; };
		3ECC12D526DDE9E600A495E1 /* UserRepository.swift in Sources */ = {isa = PBXBuildFile; fileRef = 3ECC12D426DDE9E600A495E1 /* UserRepository.swift */; };
		3ECC12D726DDEB1D00A495E1 /* AuthenticationRepository.swift in Sources */ = {isa = PBXBuildFile; fileRef = 3ECC12D626DDEB1D00A495E1 /* AuthenticationRepository.swift */; };
		3ED298822690624100EFA887 /* UILabel.swift in Sources */ = {isa = PBXBuildFile; fileRef = 3ED298812690624100EFA887 /* UILabel.swift */; };
		3ED2988426906F4500EFA887 /* UIImage.swift in Sources */ = {isa = PBXBuildFile; fileRef = 3ED2988326906F4500EFA887 /* UIImage.swift */; };
		3ED29886269148D300EFA887 /* StatsView.swift in Sources */ = {isa = PBXBuildFile; fileRef = 3ED29885269148D300EFA887 /* StatsView.swift */; };
		3ED2988C2691CDCF00EFA887 /* SorryView.xib in Resources */ = {isa = PBXBuildFile; fileRef = 3ED2988B2691CDCF00EFA887 /* SorryView.xib */; };
		3ED2988E2691CE5600EFA887 /* SorryView.swift in Sources */ = {isa = PBXBuildFile; fileRef = 3ED2988D2691CE5600EFA887 /* SorryView.swift */; };
		3ED9EFBC26DFC5F20069C45D /* WatchingTagRepository.swift in Sources */ = {isa = PBXBuildFile; fileRef = 3ED9EFBB26DFC5F20069C45D /* WatchingTagRepository.swift */; };
		3ED9EFBE26DFC8210069C45D /* FollowingTagRepository.swift in Sources */ = {isa = PBXBuildFile; fileRef = 3ED9EFBD26DFC8210069C45D /* FollowingTagRepository.swift */; };
		3EDD737026E0F5320014C2A9 /* ReloadableFooterCell.swift in Sources */ = {isa = PBXBuildFile; fileRef = 3EDD736F26E0F5320014C2A9 /* ReloadableFooterCell.swift */; };
		3EDE98A026B2659D00C3AC91 /* Strings.swift in Sources */ = {isa = PBXBuildFile; fileRef = 3EDE989F26B2659D00C3AC91 /* Strings.swift */; };
		3EDE98A326B2671900C3AC91 /* Localizable.strings in Resources */ = {isa = PBXBuildFile; fileRef = 3EDE98A226B2671900C3AC91 /* Localizable.strings */; };
		3EE5033520ABD02100B6A968 /* RateLimit.swift in Sources */ = {isa = PBXBuildFile; fileRef = 3EE5033420ABD02100B6A968 /* RateLimit.swift */; };
		3EE6103A26DBD1AC008886C0 /* IndexPath.swift in Sources */ = {isa = PBXBuildFile; fileRef = 3EE6103926DBD1AC008886C0 /* IndexPath.swift */; };
		3EEABB6826E2087F0053A6DA /* WatchingTagRecord.swift in Sources */ = {isa = PBXBuildFile; fileRef = 3EEABB6726E2087F0053A6DA /* WatchingTagRecord.swift */; };
		3EEABB6A26E21E730053A6DA /* HomeViewModel.swift in Sources */ = {isa = PBXBuildFile; fileRef = 3EEABB6926E21E730053A6DA /* HomeViewModel.swift */; };
		3EECC0C126E33EDB005C9127 /* ReviewRequestService.swift in Sources */ = {isa = PBXBuildFile; fileRef = 3EECC0C026E33EDB005C9127 /* ReviewRequestService.swift */; };
		3EECC0C326E35511005C9127 /* CommentsViewModel.swift in Sources */ = {isa = PBXBuildFile; fileRef = 3EECC0C226E35511005C9127 /* CommentsViewModel.swift */; };
		3EECC0C526E3551B005C9127 /* CommentsViewStore.swift in Sources */ = {isa = PBXBuildFile; fileRef = 3EECC0C426E3551B005C9127 /* CommentsViewStore.swift */; };
		3EECC0C726E355E8005C9127 /* Comment.swift in Sources */ = {isa = PBXBuildFile; fileRef = 3EECC0C626E355E8005C9127 /* Comment.swift */; };
		3EECC0C926E356C3005C9127 /* CommentRepository.swift in Sources */ = {isa = PBXBuildFile; fileRef = 3EECC0C826E356C3005C9127 /* CommentRepository.swift */; };
		3EECC0CD26E3824B005C9127 /* CommentView.swift in Sources */ = {isa = PBXBuildFile; fileRef = 3EECC0CC26E3824B005C9127 /* CommentView.swift */; };
		3EF5B5D426C2A90200FFC11C /* LoadingCell.swift in Sources */ = {isa = PBXBuildFile; fileRef = 3EF5B5D326C2A90200FFC11C /* LoadingCell.swift */; };
		3EF5B5D626C2A9A900FFC11C /* HorizontalBorder.swift in Sources */ = {isa = PBXBuildFile; fileRef = 3EF5B5D526C2A9A900FFC11C /* HorizontalBorder.swift */; };
		3EFB23BA20B58421002C92FF /* SettingsViewModel.swift in Sources */ = {isa = PBXBuildFile; fileRef = 3EFB23B920B58421002C92FF /* SettingsViewModel.swift */; };
		3EFB23BC20B58995002C92FF /* SignedinUserView.swift in Sources */ = {isa = PBXBuildFile; fileRef = 3EFB23BB20B58995002C92FF /* SignedinUserView.swift */; };
		3EFB23BE20B589A0002C92FF /* NonSignedinView.swift in Sources */ = {isa = PBXBuildFile; fileRef = 3EFB23BD20B589A0002C92FF /* NonSignedinView.swift */; };
		DDA52447FC706B8746410BED /* libPods-MINQ.a in Frameworks */ = {isa = PBXBuildFile; fileRef = 57F673D97D50C0FEC925042A /* libPods-MINQ.a */; };
/* End PBXBuildFile section */

/* Begin PBXFileReference section */
		16BB095E8EDBE0FCDDB3F76A /* Pods-MINQTests.debug.xcconfig */ = {isa = PBXFileReference; includeInIndex = 1; lastKnownFileType = text.xcconfig; name = "Pods-MINQTests.debug.xcconfig"; path = "Pods/Target Support Files/Pods-MINQTests/Pods-MINQTests.debug.xcconfig"; sourceTree = "<group>"; };
		36D5490CB31F770FFE1A9EF3 /* libPods-MINQTests.a */ = {isa = PBXFileReference; explicitFileType = archive.ar; includeInIndex = 0; path = "libPods-MINQTests.a"; sourceTree = BUILT_PRODUCTS_DIR; };
		3E0A5E4A2699A6F5004C3AB4 /* WatchingState.swift */ = {isa = PBXFileReference; lastKnownFileType = sourcecode.swift; path = WatchingState.swift; sourceTree = "<group>"; };
		3E0EF36E26AE6F4100D6E3BD /* FollowingTag.swift */ = {isa = PBXFileReference; lastKnownFileType = sourcecode.swift; path = FollowingTag.swift; sourceTree = "<group>"; };
		3E144FF520CE29F700ECACAE /* Quick.framework */ = {isa = PBXFileReference; lastKnownFileType = wrapper.framework; name = Quick.framework; path = Carthage/Build/iOS/Quick.framework; sourceTree = "<group>"; };
		3E144FF620CE29F800ECACAE /* FBSnapshotTestCase.framework */ = {isa = PBXFileReference; lastKnownFileType = wrapper.framework; name = FBSnapshotTestCase.framework; path = Carthage/Build/iOS/FBSnapshotTestCase.framework; sourceTree = "<group>"; };
		3E144FF720CE29F800ECACAE /* Nimble.framework */ = {isa = PBXFileReference; lastKnownFileType = wrapper.framework; name = Nimble.framework; path = Carthage/Build/iOS/Nimble.framework; sourceTree = "<group>"; };
		3E19B52320AAF1C9005F3745 /* Item.swift */ = {isa = PBXFileReference; lastKnownFileType = sourcecode.swift; path = Item.swift; sourceTree = "<group>"; };
		3E19B52520AAF1D2005F3745 /* User.swift */ = {isa = PBXFileReference; lastKnownFileType = sourcecode.swift; path = User.swift; sourceTree = "<group>"; };
		3E19B52720AAF1DA005F3745 /* ItemTag.swift */ = {isa = PBXFileReference; lastKnownFileType = sourcecode.swift; path = ItemTag.swift; sourceTree = "<group>"; };
		3E19B52A20AAF391005F3745 /* MINQCodable.swift */ = {isa = PBXFileReference; lastKnownFileType = sourcecode.swift; path = MINQCodable.swift; sourceTree = "<group>"; };
		3E19B53220AAF99A005F3745 /* API.swift */ = {isa = PBXFileReference; lastKnownFileType = sourcecode.swift; path = API.swift; sourceTree = "<group>"; };
		3E19B53420AB0765005F3745 /* Paging.swift */ = {isa = PBXFileReference; lastKnownFileType = sourcecode.swift; path = Paging.swift; sourceTree = "<group>"; };
		3E19B53620AB09B3005F3745 /* Container.swift */ = {isa = PBXFileReference; lastKnownFileType = sourcecode.swift; path = Container.swift; sourceTree = "<group>"; };
		3E19B53820AB1C6E005F3745 /* Link.swift */ = {isa = PBXFileReference; lastKnownFileType = sourcecode.swift; path = Link.swift; sourceTree = "<group>"; };
		3E1A1FBE20A966CE00B571D2 /* Defaults.framework */ = {isa = PBXFileReference; lastKnownFileType = wrapper.framework; name = Defaults.framework; path = Carthage/Build/iOS/Defaults.framework; sourceTree = "<group>"; };
		3E1A1FBF20A966CE00B571D2 /* RxMoya.framework */ = {isa = PBXFileReference; lastKnownFileType = wrapper.framework; name = RxMoya.framework; path = Carthage/Build/iOS/RxMoya.framework; sourceTree = "<group>"; };
		3E1A1FC020A966CE00B571D2 /* FluxxKit.framework */ = {isa = PBXFileReference; lastKnownFileType = wrapper.framework; name = FluxxKit.framework; path = Carthage/Build/iOS/FluxxKit.framework; sourceTree = "<group>"; };
		3E1A1FC120A966CE00B571D2 /* MarkdownView.framework */ = {isa = PBXFileReference; lastKnownFileType = wrapper.framework; name = MarkdownView.framework; path = Carthage/Build/iOS/MarkdownView.framework; sourceTree = "<group>"; };
		3E1A1FC220A966CE00B571D2 /* Alamofire.framework */ = {isa = PBXFileReference; lastKnownFileType = wrapper.framework; name = Alamofire.framework; path = Carthage/Build/iOS/Alamofire.framework; sourceTree = "<group>"; };
		3E1A1FC320A966CE00B571D2 /* Reachability.framework */ = {isa = PBXFileReference; lastKnownFileType = wrapper.framework; name = Reachability.framework; path = Carthage/Build/iOS/Reachability.framework; sourceTree = "<group>"; };
		3E1A1FC420A966CE00B571D2 /* RealmSwift.framework */ = {isa = PBXFileReference; lastKnownFileType = wrapper.framework; name = RealmSwift.framework; path = Carthage/Build/iOS/RealmSwift.framework; sourceTree = "<group>"; };
		3E1A1FC520A966CE00B571D2 /* RxCocoa.framework */ = {isa = PBXFileReference; lastKnownFileType = wrapper.framework; name = RxCocoa.framework; path = Carthage/Build/iOS/RxCocoa.framework; sourceTree = "<group>"; };
		3E1A1FC620A966CF00B571D2 /* Moya.framework */ = {isa = PBXFileReference; lastKnownFileType = wrapper.framework; name = Moya.framework; path = Carthage/Build/iOS/Moya.framework; sourceTree = "<group>"; };
		3E1A1FC720A966CF00B571D2 /* SwiftyBeaver.framework */ = {isa = PBXFileReference; lastKnownFileType = wrapper.framework; name = SwiftyBeaver.framework; path = Carthage/Build/iOS/SwiftyBeaver.framework; sourceTree = "<group>"; };
		3E1A1FC820A966CF00B571D2 /* RxSwift.framework */ = {isa = PBXFileReference; lastKnownFileType = wrapper.framework; name = RxSwift.framework; path = Carthage/Build/iOS/RxSwift.framework; sourceTree = "<group>"; };
		3E1A1FC920A966CF00B571D2 /* Reusable.framework */ = {isa = PBXFileReference; lastKnownFileType = wrapper.framework; name = Reusable.framework; path = Carthage/Build/iOS/Reusable.framework; sourceTree = "<group>"; };
		3E1A1FCA20A966CF00B571D2 /* Realm.framework */ = {isa = PBXFileReference; lastKnownFileType = wrapper.framework; name = Realm.framework; path = Carthage/Build/iOS/Realm.framework; sourceTree = "<group>"; };
		3E1A1FCB20A966CF00B571D2 /* Result.framework */ = {isa = PBXFileReference; lastKnownFileType = wrapper.framework; name = Result.framework; path = Carthage/Build/iOS/Result.framework; sourceTree = "<group>"; };
		3E1A1FCC20A966CF00B571D2 /* KeychainAccess.framework */ = {isa = PBXFileReference; lastKnownFileType = wrapper.framework; name = KeychainAccess.framework; path = Carthage/Build/iOS/KeychainAccess.framework; sourceTree = "<group>"; };
		3E1A1FCD20A966CF00B571D2 /* Kingfisher.framework */ = {isa = PBXFileReference; lastKnownFileType = wrapper.framework; name = Kingfisher.framework; path = Carthage/Build/iOS/Kingfisher.framework; sourceTree = "<group>"; };
		3E1D87A720B3BA0000E9F950 /* EmptyStateView.xib */ = {isa = PBXFileReference; fileEncoding = 4; lastKnownFileType = file.xib; path = EmptyStateView.xib; sourceTree = "<group>"; };
		3E1D87A820B3BA0000E9F950 /* LoadingStateView.swift */ = {isa = PBXFileReference; fileEncoding = 4; lastKnownFileType = sourcecode.swift; path = LoadingStateView.swift; sourceTree = "<group>"; };
		3E1D87A920B3BA0000E9F950 /* EmptyStateView.swift */ = {isa = PBXFileReference; fileEncoding = 4; lastKnownFileType = sourcecode.swift; path = EmptyStateView.swift; sourceTree = "<group>"; };
		3E1D87AA20B3BA0000E9F950 /* FailedStateView.xib */ = {isa = PBXFileReference; fileEncoding = 4; lastKnownFileType = file.xib; path = FailedStateView.xib; sourceTree = "<group>"; };
		3E1D87AB20B3BA0000E9F950 /* FailedStateView.swift */ = {isa = PBXFileReference; fileEncoding = 4; lastKnownFileType = sourcecode.swift; path = FailedStateView.swift; sourceTree = "<group>"; };
		3E1D87AC20B3BA0000E9F950 /* InitialStateView.swift */ = {isa = PBXFileReference; fileEncoding = 4; lastKnownFileType = sourcecode.swift; path = InitialStateView.swift; sourceTree = "<group>"; };
		3E2101AF20ABF1A10023FA06 /* OAuthService.swift */ = {isa = PBXFileReference; lastKnownFileType = sourcecode.swift; path = OAuthService.swift; sourceTree = "<group>"; };
		3E2101B220ABF89F0023FA06 /* Authentication.swift */ = {isa = PBXFileReference; lastKnownFileType = sourcecode.swift; path = Authentication.swift; sourceTree = "<group>"; };
		3E2101B420AC05420023FA06 /* ErrorMessage.swift */ = {isa = PBXFileReference; lastKnownFileType = sourcecode.swift; path = ErrorMessage.swift; sourceTree = "<group>"; };
		3E2101B720AC07530023FA06 /* NetworkLoggingPlugin.swift */ = {isa = PBXFileReference; lastKnownFileType = sourcecode.swift; path = NetworkLoggingPlugin.swift; sourceTree = "<group>"; };
		3E2101B920AC07CD0023FA06 /* Debugger.swift */ = {isa = PBXFileReference; lastKnownFileType = sourcecode.swift; path = Debugger.swift; sourceTree = "<group>"; };
		3E2101BB20AC094E0023FA06 /* AuthenticationPlugin.swift */ = {isa = PBXFileReference; lastKnownFileType = sourcecode.swift; path = AuthenticationPlugin.swift; sourceTree = "<group>"; };
		3E210E36269AAAF500B07689 /* ItemCollectionViewModel.swift */ = {isa = PBXFileReference; lastKnownFileType = sourcecode.swift; path = ItemCollectionViewModel.swift; sourceTree = "<group>"; };
		3E210E39269AF85100B07689 /* Style.swift */ = {isa = PBXFileReference; lastKnownFileType = sourcecode.swift; path = Style.swift; sourceTree = "<group>"; };
		3E210E3B269AF8F300B07689 /* Icon.swift */ = {isa = PBXFileReference; lastKnownFileType = sourcecode.swift; path = Icon.swift; sourceTree = "<group>"; };
		3E210E3D269AF93F00B07689 /* Constant.swift */ = {isa = PBXFileReference; lastKnownFileType = sourcecode.swift; path = Constant.swift; sourceTree = "<group>"; };
		3E22C7AB20A95391000A28A6 /* MINQ.app */ = {isa = PBXFileReference; explicitFileType = wrapper.application; includeInIndex = 0; path = MINQ.app; sourceTree = BUILT_PRODUCTS_DIR; };
		3E22C7AE20A95391000A28A6 /* AppDelegate.swift */ = {isa = PBXFileReference; lastKnownFileType = sourcecode.swift; path = AppDelegate.swift; sourceTree = "<group>"; };
		3E22C7B520A95393000A28A6 /* Images.xcassets */ = {isa = PBXFileReference; lastKnownFileType = folder.assetcatalog; path = Images.xcassets; sourceTree = "<group>"; };
		3E22C7B820A95393000A28A6 /* Base */ = {isa = PBXFileReference; lastKnownFileType = file.storyboard; name = Base; path = Base.lproj/LaunchScreen.storyboard; sourceTree = "<group>"; };
		3E22C7BA20A95393000A28A6 /* Info.plist */ = {isa = PBXFileReference; lastKnownFileType = text.plist.xml; path = Info.plist; sourceTree = "<group>"; };
		3E2ED41120C7CC12008F1E69 /* GoogleService-Info.plist */ = {isa = PBXFileReference; fileEncoding = 4; lastKnownFileType = text.plist.xml; name = "GoogleService-Info.plist"; path = "config/GoogleService-Info.plist"; sourceTree = "<group>"; };
		3E2ED41420C7D547008F1E69 /* AnalyticsService.swift */ = {isa = PBXFileReference; lastKnownFileType = sourcecode.swift; path = AnalyticsService.swift; sourceTree = "<group>"; };
		3E325DA626EC425A005E6E09 /* github_styled.css */ = {isa = PBXFileReference; lastKnownFileType = text.css; path = github_styled.css; sourceTree = "<group>"; };
		3E325DA826EC433F005E6E09 /* highlight.css */ = {isa = PBXFileReference; lastKnownFileType = text.css; path = highlight.css; sourceTree = "<group>"; };
		3E325DAA26EC4B1C005E6E09 /* iPad.css */ = {isa = PBXFileReference; lastKnownFileType = text.css; path = iPad.css; sourceTree = "<group>"; };
		3E325DB126EC8815005E6E09 /* markdown-it-footnote.min.js */ = {isa = PBXFileReference; lastKnownFileType = sourcecode.javascript; path = "markdown-it-footnote.min.js"; sourceTree = "<group>"; };
		3E325DB726EC8B6D005E6E09 /* Markdown.swift */ = {isa = PBXFileReference; lastKnownFileType = sourcecode.swift; path = Markdown.swift; sourceTree = "<group>"; };
		3E325DB926EC8D9B005E6E09 /* markdown-it-sup.min.js */ = {isa = PBXFileReference; lastKnownFileType = sourcecode.javascript; path = "markdown-it-sup.min.js"; sourceTree = "<group>"; };
		3E325DBB26EC8DB0005E6E09 /* markdown-it-sub.min.js */ = {isa = PBXFileReference; lastKnownFileType = sourcecode.javascript; path = "markdown-it-sub.min.js"; sourceTree = "<group>"; };
		3E35323A20B53BB40013CEBE /* UIProgressView.swift */ = {isa = PBXFileReference; lastKnownFileType = sourcecode.swift; path = UIProgressView.swift; sourceTree = "<group>"; };
		3E35323E20B5648E0013CEBE /* AppRootViewModel.swift */ = {isa = PBXFileReference; lastKnownFileType = sourcecode.swift; path = AppRootViewModel.swift; sourceTree = "<group>"; };
		3E3A053B20AD25FD0019CFC1 /* AppRootViewController.swift */ = {isa = PBXFileReference; lastKnownFileType = sourcecode.swift; path = AppRootViewController.swift; sourceTree = "<group>"; };
		3E3A053D20AD26220019CFC1 /* MenuViewController.swift */ = {isa = PBXFileReference; lastKnownFileType = sourcecode.swift; path = MenuViewController.swift; sourceTree = "<group>"; };
		3E431F45269EE4AB0067D91D /* MINQStoryboards.swift */ = {isa = PBXFileReference; fileEncoding = 4; lastKnownFileType = sourcecode.swift; path = MINQStoryboards.swift; sourceTree = "<group>"; };
		3E43828D20B65EE000BCBDDC /* HistoryViewController.swift */ = {isa = PBXFileReference; lastKnownFileType = sourcecode.swift; path = HistoryViewController.swift; sourceTree = "<group>"; };
		3E43828F20B65F2600BCBDDC /* HistoryCell.swift */ = {isa = PBXFileReference; lastKnownFileType = sourcecode.swift; path = HistoryCell.swift; sourceTree = "<group>"; };
		3E43829320B674E700BCBDDC /* AuthRequiredView.swift */ = {isa = PBXFileReference; lastKnownFileType = sourcecode.swift; path = AuthRequiredView.swift; sourceTree = "<group>"; };
		3E43829520B6750700BCBDDC /* AuthRequiredView.xib */ = {isa = PBXFileReference; lastKnownFileType = file.xib; path = AuthRequiredView.xib; sourceTree = "<group>"; };
		3E5187DB20C82EB000FC8937 /* MINQAssets.swift */ = {isa = PBXFileReference; fileEncoding = 4; lastKnownFileType = sourcecode.swift; path = MINQAssets.swift; sourceTree = "<group>"; };
		3E5187DD20C82EB100FC8937 /* ItemRecord.swift */ = {isa = PBXFileReference; fileEncoding = 4; lastKnownFileType = sourcecode.swift; path = ItemRecord.swift; sourceTree = "<group>"; };
		3E5187DE20C82EB100FC8937 /* TagRecord.swift */ = {isa = PBXFileReference; fileEncoding = 4; lastKnownFileType = sourcecode.swift; path = TagRecord.swift; sourceTree = "<group>"; };
		3E5187DF20C82EB100FC8937 /* UserRecord.swift */ = {isa = PBXFileReference; fileEncoding = 4; lastKnownFileType = sourcecode.swift; path = UserRecord.swift; sourceTree = "<group>"; };
		3E57231726A907A500E4D47D /* ChannelsViewController.swift */ = {isa = PBXFileReference; lastKnownFileType = sourcecode.swift; path = ChannelsViewController.swift; sourceTree = "<group>"; };
		3E57231926A9256F00E4D47D /* ChannelHeader.swift */ = {isa = PBXFileReference; lastKnownFileType = sourcecode.swift; path = ChannelHeader.swift; sourceTree = "<group>"; };
		3E57231B26A96BC900E4D47D /* ChannelCell.swift */ = {isa = PBXFileReference; lastKnownFileType = sourcecode.swift; path = ChannelCell.swift; sourceTree = "<group>"; };
		3E57231D26A9704300E4D47D /* ChannelsViewModel.swift */ = {isa = PBXFileReference; lastKnownFileType = sourcecode.swift; path = ChannelsViewModel.swift; sourceTree = "<group>"; };
		3E5CD53820AD42C200BEEADB /* SettingsViewController.swift */ = {isa = PBXFileReference; lastKnownFileType = sourcecode.swift; path = SettingsViewController.swift; sourceTree = "<group>"; };
		3E5CD53A20AD42D000BEEADB /* SearchViewController.swift */ = {isa = PBXFileReference; lastKnownFileType = sourcecode.swift; path = SearchViewController.swift; sourceTree = "<group>"; };
		3E5CD54020AD42F300BEEADB /* HomeViewController.swift */ = {isa = PBXFileReference; lastKnownFileType = sourcecode.swift; path = HomeViewController.swift; sourceTree = "<group>"; };
		3E5CD54220AD447B00BEEADB /* AppInfo.swift */ = {isa = PBXFileReference; lastKnownFileType = sourcecode.swift; path = AppInfo.swift; sourceTree = "<group>"; };
		3E5CD54420AD4A0300BEEADB /* UIViewController.swift */ = {isa = PBXFileReference; lastKnownFileType = sourcecode.swift; path = UIViewController.swift; sourceTree = "<group>"; };
		3E5CD54620AD4A3800BEEADB /* MINQExtension.swift */ = {isa = PBXFileReference; lastKnownFileType = sourcecode.swift; path = MINQExtension.swift; sourceTree = "<group>"; };
		3E5CD54820AD4ACB00BEEADB /* UIView.swift */ = {isa = PBXFileReference; lastKnownFileType = sourcecode.swift; path = UIView.swift; sourceTree = "<group>"; };
		3E5CD54D20AD61A000BEEADB /* ItemCollectionViewController.swift */ = {isa = PBXFileReference; lastKnownFileType = sourcecode.swift; path = ItemCollectionViewController.swift; sourceTree = "<group>"; };
		3E5CD55120AD628600BEEADB /* ItemCollectionCell.swift */ = {isa = PBXFileReference; lastKnownFileType = sourcecode.swift; path = ItemCollectionCell.swift; sourceTree = "<group>"; };
		3E5CD55320AD64F400BEEADB /* ItemQuery.swift */ = {isa = PBXFileReference; lastKnownFileType = sourcecode.swift; path = ItemQuery.swift; sourceTree = "<group>"; };
		3E5CD55520AD6B3900BEEADB /* PagingMenuController.framework */ = {isa = PBXFileReference; lastKnownFileType = wrapper.framework; name = PagingMenuController.framework; path = Carthage/Build/iOS/PagingMenuController.framework; sourceTree = "<group>"; };
		3E5E1E1A26E8AF4B0098F0E3 /* UserButton.swift */ = {isa = PBXFileReference; lastKnownFileType = sourcecode.swift; path = UserButton.swift; sourceTree = "<group>"; };
		3E700F4A2688027F00B9255D /* ItemDetailHeaderView.swift */ = {isa = PBXFileReference; lastKnownFileType = sourcecode.swift; path = ItemDetailHeaderView.swift; sourceTree = "<group>"; };
		3E700F4E26883CE500B9255D /* ReloadableFooterView.swift */ = {isa = PBXFileReference; lastKnownFileType = sourcecode.swift; path = ReloadableFooterView.swift; sourceTree = "<group>"; };
		3E700F5026883D6500B9255D /* ReloadableFooterView.xib */ = {isa = PBXFileReference; lastKnownFileType = file.xib; path = ReloadableFooterView.xib; sourceTree = "<group>"; };
		3E700F5526884C0D00B9255D /* TypeAlias.swift */ = {isa = PBXFileReference; lastKnownFileType = sourcecode.swift; path = TypeAlias.swift; sourceTree = "<group>"; };
		3E700F572688506A00B9255D /* ComplementalStateView.swift */ = {isa = PBXFileReference; lastKnownFileType = sourcecode.swift; path = ComplementalStateView.swift; sourceTree = "<group>"; };
		3E76953720CA51090007FCAF /* Settings.bundle */ = {isa = PBXFileReference; lastKnownFileType = "wrapper.plug-in"; path = Settings.bundle; sourceTree = "<group>"; };
		3E7C919026EE153B0025DB61 /* TagsView.swift */ = {isa = PBXFileReference; lastKnownFileType = sourcecode.swift; path = TagsView.swift; sourceTree = "<group>"; };
		3E8D2BB220AE8F220024ABB7 /* ItemCollectionStore.swift */ = {isa = PBXFileReference; lastKnownFileType = sourcecode.swift; path = ItemCollectionStore.swift; sourceTree = "<group>"; };
		3E8D2BB420AE912E0024ABB7 /* RequestState.swift */ = {isa = PBXFileReference; lastKnownFileType = sourcecode.swift; path = RequestState.swift; sourceTree = "<group>"; };
		3E8D2BBB20AE9D240024ABB7 /* ItemCollectionRecord.swift */ = {isa = PBXFileReference; lastKnownFileType = sourcecode.swift; path = ItemCollectionRecord.swift; sourceTree = "<group>"; };
		3E8D2BBE20AEB1D40024ABB7 /* URL.swift */ = {isa = PBXFileReference; lastKnownFileType = sourcecode.swift; path = URL.swift; sourceTree = "<group>"; };
		3E907F3020B3E61A006A3478 /* Navigator.swift */ = {isa = PBXFileReference; lastKnownFileType = sourcecode.swift; path = Navigator.swift; sourceTree = "<group>"; };
		3E907F3420B3F5DA006A3478 /* ItemDetail.storyboard */ = {isa = PBXFileReference; lastKnownFileType = file.storyboard; path = ItemDetail.storyboard; sourceTree = "<group>"; };
		3E907F3620B3F5E7006A3478 /* ItemDetailViewController.swift */ = {isa = PBXFileReference; lastKnownFileType = sourcecode.swift; path = ItemDetailViewController.swift; sourceTree = "<group>"; };
		3E907F3A20B409EF006A3478 /* MINQDatabase.swift */ = {isa = PBXFileReference; lastKnownFileType = sourcecode.swift; path = MINQDatabase.swift; sourceTree = "<group>"; };
		3E907F3C20B40B6F006A3478 /* ItemDetailViewModel.swift */ = {isa = PBXFileReference; lastKnownFileType = sourcecode.swift; path = ItemDetailViewModel.swift; sourceTree = "<group>"; };
		3E907F3F20B43F11006A3478 /* SwiftDate.framework */ = {isa = PBXFileReference; lastKnownFileType = wrapper.framework; name = SwiftDate.framework; path = Carthage/Build/iOS/SwiftDate.framework; sourceTree = "<group>"; };
		3E91752226AD951A00C6CE4F /* FollowingTagRecord.swift */ = {isa = PBXFileReference; lastKnownFileType = sourcecode.swift; path = FollowingTagRecord.swift; sourceTree = "<group>"; };
		3EA0885F26EFA8CF00081470 /* markdown-it-katex.min.js */ = {isa = PBXFileReference; fileEncoding = 4; lastKnownFileType = sourcecode.javascript; path = "markdown-it-katex.min.js"; sourceTree = "<group>"; };
		3EA9CA6126871DA700F0E137 /* Nimble.xcframework */ = {isa = PBXFileReference; lastKnownFileType = wrapper.xcframework; name = Nimble.xcframework; path = Carthage/Build/Nimble.xcframework; sourceTree = "<group>"; };
		3EA9CA6226871DA700F0E137 /* Quick.xcframework */ = {isa = PBXFileReference; lastKnownFileType = wrapper.xcframework; name = Quick.xcframework; path = Carthage/Build/Quick.xcframework; sourceTree = "<group>"; };
		3EBE76BB26933B6500CBBAB2 /* CommentsViewController.swift */ = {isa = PBXFileReference; lastKnownFileType = sourcecode.swift; path = CommentsViewController.swift; sourceTree = "<group>"; };
		3ECB59C520A965CA0037BD99 /* Colors.xcassets */ = {isa = PBXFileReference; lastKnownFileType = folder.assetcatalog; path = Colors.xcassets; sourceTree = "<group>"; };
		3ECC12D026DDE7B600A495E1 /* ItemRepository.swift */ = {isa = PBXFileReference; lastKnownFileType = sourcecode.swift; path = ItemRepository.swift; sourceTree = "<group>"; };
		3ECC12D226DDE95E00A495E1 /* ItemTagRepository.swift */ = {isa = PBXFileReference; lastKnownFileType = sourcecode.swift; path = ItemTagRepository.swift; sourceTree = "<group>"; };
		3ECC12D426DDE9E600A495E1 /* UserRepository.swift */ = {isa = PBXFileReference; lastKnownFileType = sourcecode.swift; path = UserRepository.swift; sourceTree = "<group>"; };
		3ECC12D626DDEB1D00A495E1 /* AuthenticationRepository.swift */ = {isa = PBXFileReference; lastKnownFileType = sourcecode.swift; path = AuthenticationRepository.swift; sourceTree = "<group>"; };
		3ED298812690624100EFA887 /* UILabel.swift */ = {isa = PBXFileReference; lastKnownFileType = sourcecode.swift; path = UILabel.swift; sourceTree = "<group>"; };
		3ED2988326906F4500EFA887 /* UIImage.swift */ = {isa = PBXFileReference; lastKnownFileType = sourcecode.swift; path = UIImage.swift; sourceTree = "<group>"; };
		3ED29885269148D300EFA887 /* StatsView.swift */ = {isa = PBXFileReference; lastKnownFileType = sourcecode.swift; path = StatsView.swift; sourceTree = "<group>"; };
		3ED2988B2691CDCF00EFA887 /* SorryView.xib */ = {isa = PBXFileReference; lastKnownFileType = file.xib; path = SorryView.xib; sourceTree = "<group>"; };
		3ED2988D2691CE5600EFA887 /* SorryView.swift */ = {isa = PBXFileReference; lastKnownFileType = sourcecode.swift; path = SorryView.swift; sourceTree = "<group>"; };
		3ED9EFBB26DFC5F20069C45D /* WatchingTagRepository.swift */ = {isa = PBXFileReference; lastKnownFileType = sourcecode.swift; path = WatchingTagRepository.swift; sourceTree = "<group>"; };
		3ED9EFBD26DFC8210069C45D /* FollowingTagRepository.swift */ = {isa = PBXFileReference; lastKnownFileType = sourcecode.swift; path = FollowingTagRepository.swift; sourceTree = "<group>"; };
		3EDD736F26E0F5320014C2A9 /* ReloadableFooterCell.swift */ = {isa = PBXFileReference; lastKnownFileType = sourcecode.swift; path = ReloadableFooterCell.swift; sourceTree = "<group>"; };
		3EDE989F26B2659D00C3AC91 /* Strings.swift */ = {isa = PBXFileReference; fileEncoding = 4; lastKnownFileType = sourcecode.swift; path = Strings.swift; sourceTree = "<group>"; };
		3EDE98A226B2671900C3AC91 /* Localizable.strings */ = {isa = PBXFileReference; lastKnownFileType = text.plist.strings; path = Localizable.strings; sourceTree = "<group>"; };
		3EE5033420ABD02100B6A968 /* RateLimit.swift */ = {isa = PBXFileReference; lastKnownFileType = sourcecode.swift; path = RateLimit.swift; sourceTree = "<group>"; };
		3EE6103926DBD1AC008886C0 /* IndexPath.swift */ = {isa = PBXFileReference; lastKnownFileType = sourcecode.swift; path = IndexPath.swift; sourceTree = "<group>"; };
		3EEABB6726E2087F0053A6DA /* WatchingTagRecord.swift */ = {isa = PBXFileReference; lastKnownFileType = sourcecode.swift; path = WatchingTagRecord.swift; sourceTree = "<group>"; };
		3EEABB6926E21E730053A6DA /* HomeViewModel.swift */ = {isa = PBXFileReference; lastKnownFileType = sourcecode.swift; path = HomeViewModel.swift; sourceTree = "<group>"; };
		3EECC0C026E33EDB005C9127 /* ReviewRequestService.swift */ = {isa = PBXFileReference; lastKnownFileType = sourcecode.swift; path = ReviewRequestService.swift; sourceTree = "<group>"; };
		3EECC0C226E35511005C9127 /* CommentsViewModel.swift */ = {isa = PBXFileReference; lastKnownFileType = sourcecode.swift; path = CommentsViewModel.swift; sourceTree = "<group>"; };
		3EECC0C426E3551B005C9127 /* CommentsViewStore.swift */ = {isa = PBXFileReference; lastKnownFileType = sourcecode.swift; path = CommentsViewStore.swift; sourceTree = "<group>"; };
		3EECC0C626E355E8005C9127 /* Comment.swift */ = {isa = PBXFileReference; lastKnownFileType = sourcecode.swift; path = Comment.swift; sourceTree = "<group>"; };
		3EECC0C826E356C3005C9127 /* CommentRepository.swift */ = {isa = PBXFileReference; lastKnownFileType = sourcecode.swift; path = CommentRepository.swift; sourceTree = "<group>"; };
		3EECC0CC26E3824B005C9127 /* CommentView.swift */ = {isa = PBXFileReference; lastKnownFileType = sourcecode.swift; path = CommentView.swift; sourceTree = "<group>"; };
		3EF5B5D326C2A90200FFC11C /* LoadingCell.swift */ = {isa = PBXFileReference; lastKnownFileType = sourcecode.swift; path = LoadingCell.swift; sourceTree = "<group>"; };
		3EF5B5D526C2A9A900FFC11C /* HorizontalBorder.swift */ = {isa = PBXFileReference; lastKnownFileType = sourcecode.swift; path = HorizontalBorder.swift; sourceTree = "<group>"; };
		3EF74FD320CBA4A0006A4DD0 /* FontAwesome.framework */ = {isa = PBXFileReference; lastKnownFileType = wrapper.framework; name = FontAwesome.framework; path = Carthage/Build/iOS/FontAwesome.framework; sourceTree = "<group>"; };
		3EFB23B920B58421002C92FF /* SettingsViewModel.swift */ = {isa = PBXFileReference; lastKnownFileType = sourcecode.swift; path = SettingsViewModel.swift; sourceTree = "<group>"; };
		3EFB23BB20B58995002C92FF /* SignedinUserView.swift */ = {isa = PBXFileReference; lastKnownFileType = sourcecode.swift; path = SignedinUserView.swift; sourceTree = "<group>"; };
		3EFB23BD20B589A0002C92FF /* NonSignedinView.swift */ = {isa = PBXFileReference; lastKnownFileType = sourcecode.swift; path = NonSignedinView.swift; sourceTree = "<group>"; };
		57F673D97D50C0FEC925042A /* libPods-MINQ.a */ = {isa = PBXFileReference; explicitFileType = archive.ar; includeInIndex = 0; path = "libPods-MINQ.a"; sourceTree = BUILT_PRODUCTS_DIR; };
		95733BA89620D64CDE4D36A0 /* Pods-MINQ.debug.xcconfig */ = {isa = PBXFileReference; includeInIndex = 1; lastKnownFileType = text.xcconfig; name = "Pods-MINQ.debug.xcconfig"; path = "Pods/Target Support Files/Pods-MINQ/Pods-MINQ.debug.xcconfig"; sourceTree = "<group>"; };
		9CC568BA8705D27097B413AC /* Pods-MINQTests.release.xcconfig */ = {isa = PBXFileReference; includeInIndex = 1; lastKnownFileType = text.xcconfig; name = "Pods-MINQTests.release.xcconfig"; path = "Pods/Target Support Files/Pods-MINQTests/Pods-MINQTests.release.xcconfig"; sourceTree = "<group>"; };
		CC745302C0827CBFBC58D126 /* Pods-MINQ.release.xcconfig */ = {isa = PBXFileReference; includeInIndex = 1; lastKnownFileType = text.xcconfig; name = "Pods-MINQ.release.xcconfig"; path = "Pods/Target Support Files/Pods-MINQ/Pods-MINQ.release.xcconfig"; sourceTree = "<group>"; };
/* End PBXFileReference section */

/* Begin PBXFrameworksBuildPhase section */
		3E22C7A820A95391000A28A6 /* Frameworks */ = {
			isa = PBXFrameworksBuildPhase;
			buildActionMask = 2147483647;
			files = (
				DDA52447FC706B8746410BED /* libPods-MINQ.a in Frameworks */,
			);
			runOnlyForDeploymentPostprocessing = 0;
		};
/* End PBXFrameworksBuildPhase section */

/* Begin PBXGroup section */
		3E0A5E492699A6CF004C3AB4 /* State */ = {
			isa = PBXGroup;
			children = (
				3E8D2BB420AE912E0024ABB7 /* RequestState.swift */,
				3E0A5E4A2699A6F5004C3AB4 /* WatchingState.swift */,
			);
			path = State;
			sourceTree = "<group>";
		};
		3E19B52120AAF1AD005F3745 /* Model */ = {
			isa = PBXGroup;
			children = (
				3ECC12CF26DDE7A300A495E1 /* Repository */,
				3E8D2BBA20AE9D000024ABB7 /* Record */,
				3E19B52F20AAF976005F3745 /* API */,
				3E19B52220AAF1BD005F3745 /* Entity */,
			);
			path = Model;
			sourceTree = "<group>";
		};
		3E19B52220AAF1BD005F3745 /* Entity */ = {
			isa = PBXGroup;
			children = (
				3E2101B220ABF89F0023FA06 /* Authentication.swift */,
				3EECC0C626E355E8005C9127 /* Comment.swift */,
				3E19B53620AB09B3005F3745 /* Container.swift */,
				3E2101B420AC05420023FA06 /* ErrorMessage.swift */,
				3E19B52320AAF1C9005F3745 /* Item.swift */,
				3E5CD55320AD64F400BEEADB /* ItemQuery.swift */,
				3E19B53820AB1C6E005F3745 /* Link.swift */,
				3E19B53420AB0765005F3745 /* Paging.swift */,
				3EE5033420ABD02100B6A968 /* RateLimit.swift */,
				3E19B52720AAF1DA005F3745 /* ItemTag.swift */,
				3E0EF36E26AE6F4100D6E3BD /* FollowingTag.swift */,
				3E19B52520AAF1D2005F3745 /* User.swift */,
				3E0A5E492699A6CF004C3AB4 /* State */,
			);
			path = Entity;
			sourceTree = "<group>";
		};
		3E19B52920AAF2A9005F3745 /* Extension */ = {
			isa = PBXGroup;
			children = (
				3EE6103926DBD1AC008886C0 /* IndexPath.swift */,
				3ED2988326906F4500EFA887 /* UIImage.swift */,
				3ED298812690624100EFA887 /* UILabel.swift */,
				3E35323A20B53BB40013CEBE /* UIProgressView.swift */,
				3E5CD54820AD4ACB00BEEADB /* UIView.swift */,
				3E5CD54420AD4A0300BEEADB /* UIViewController.swift */,
				3E8D2BBE20AEB1D40024ABB7 /* URL.swift */,
				3E19B52E20AAF3C7005F3745 /* Base */,
			);
			path = Extension;
			sourceTree = "<group>";
		};
		3E19B52E20AAF3C7005F3745 /* Base */ = {
			isa = PBXGroup;
			children = (
				3E19B52A20AAF391005F3745 /* MINQCodable.swift */,
				3E5CD54620AD4A3800BEEADB /* MINQExtension.swift */,
			);
			path = Base;
			sourceTree = "<group>";
		};
		3E19B52F20AAF976005F3745 /* API */ = {
			isa = PBXGroup;
			children = (
				3E19B53220AAF99A005F3745 /* API.swift */,
				3E2101B620AC06550023FA06 /* Plugin */,
			);
			path = API;
			sourceTree = "<group>";
		};
		3E1D87A320B3B96400E9F950 /* ItemCollection */ = {
			isa = PBXGroup;
			children = (
				3E5CD54D20AD61A000BEEADB /* ItemCollectionViewController.swift */,
				3E210E36269AAAF500B07689 /* ItemCollectionViewModel.swift */,
				3E8D2BB220AE8F220024ABB7 /* ItemCollectionStore.swift */,
			);
			path = ItemCollection;
			sourceTree = "<group>";
		};
		3E2101B120ABF1AE0023FA06 /* Service */ = {
			isa = PBXGroup;
			children = (
				3E2ED41420C7D547008F1E69 /* AnalyticsService.swift */,
				3E2101B920AC07CD0023FA06 /* Debugger.swift */,
				3E907F3A20B409EF006A3478 /* MINQDatabase.swift */,
				3E2101AF20ABF1A10023FA06 /* OAuthService.swift */,
				3EECC0C026E33EDB005C9127 /* ReviewRequestService.swift */,
			);
			path = Service;
			sourceTree = "<group>";
		};
		3E2101B620AC06550023FA06 /* Plugin */ = {
			isa = PBXGroup;
			children = (
				3E2101B720AC07530023FA06 /* NetworkLoggingPlugin.swift */,
				3E2101BB20AC094E0023FA06 /* AuthenticationPlugin.swift */,
			);
			path = Plugin;
			sourceTree = "<group>";
		};
		3E22C7A220A95390000A28A6 = {
			isa = PBXGroup;
			children = (
				3EFE389120C7EC7F00ABD589 /* Secrets */,
				3E5187DA20C82E5500FC8937 /* Generated */,
				3E22C7AD20A95391000A28A6 /* MINQ */,
				3E22C7AC20A95391000A28A6 /* Products */,
				F5473C52AF9D024FE3B44678 /* Pods */,
				C58B0D5F8A7D576A5EA921E5 /* Frameworks */,
			);
			sourceTree = "<group>";
		};
		3E22C7AC20A95391000A28A6 /* Products */ = {
			isa = PBXGroup;
			children = (
				3E22C7AB20A95391000A28A6 /* MINQ.app */,
			);
			name = Products;
			sourceTree = "<group>";
		};
		3E22C7AD20A95391000A28A6 /* MINQ */ = {
			isa = PBXGroup;
			children = (
				3EC3AF0726F5C8DA009DB7AE /* Components */,
				3E325DB026EC87EF005E6E09 /* JS */,
				3E325DA526EC4243005E6E09 /* CSS */,
				3E2101B120ABF1AE0023FA06 /* Service */,
				3E19B52920AAF2A9005F3745 /* Extension */,
				3E19B52120AAF1AD005F3745 /* Model */,
				3E22C7AE20A95391000A28A6 /* AppDelegate.swift */,
				3E700F5526884C0D00B9255D /* TypeAlias.swift */,
				3E5CD54220AD447B00BEEADB /* AppInfo.swift */,
				3E210E3D269AF93F00B07689 /* Constant.swift */,
				3E210E3B269AF8F300B07689 /* Icon.swift */,
				3E325DB726EC8B6D005E6E09 /* Markdown.swift */,
				3E210E39269AF85100B07689 /* Style.swift */,
				3ECB59C520A965CA0037BD99 /* Colors.xcassets */,
				3E22C7B520A95393000A28A6 /* Images.xcassets */,
				3E22C7BA20A95393000A28A6 /* Info.plist */,
				3E76953720CA51090007FCAF /* Settings.bundle */,
				3EDE98A226B2671900C3AC91 /* Localizable.strings */,
			);
			path = MINQ;
			sourceTree = "<group>";
		};
		3E325DA526EC4243005E6E09 /* CSS */ = {
			isa = PBXGroup;
			children = (
				3E325DA626EC425A005E6E09 /* github_styled.css */,
				3E325DA826EC433F005E6E09 /* highlight.css */,
				3E325DAA26EC4B1C005E6E09 /* iPad.css */,
			);
			path = CSS;
			sourceTree = "<group>";
		};
		3E325DB026EC87EF005E6E09 /* JS */ = {
			isa = PBXGroup;
			children = (
				3EA0885F26EFA8CF00081470 /* markdown-it-katex.min.js */,
				3E325DB126EC8815005E6E09 /* markdown-it-footnote.min.js */,
				3E325DB926EC8D9B005E6E09 /* markdown-it-sup.min.js */,
				3E325DBB26EC8DB0005E6E09 /* markdown-it-sub.min.js */,
			);
			path = JS;
			sourceTree = "<group>";
		};
		3E3A053720AD259E0019CFC1 /* Scene */ = {
			isa = PBXGroup;
			children = (
				3EE6103B26DBD711008886C0 /* Comments */,
				3E907F3E20B40B75006A3478 /* ItemDetail */,
				3E1D87A320B3B96400E9F950 /* ItemCollection */,
				3E57231626A9073600E4D47D /* Channel */,
				3E3A053A20AD25BB0019CFC1 /* Settings */,
				3E3A053920AD25B40019CFC1 /* Search */,
				3E3A053820AD25AE0019CFC1 /* Home */,
				3E3A053B20AD25FD0019CFC1 /* AppRootViewController.swift */,
				3E35323E20B5648E0013CEBE /* AppRootViewModel.swift */,
				3E3A053D20AD26220019CFC1 /* MenuViewController.swift */,
				3E22C7B720A95393000A28A6 /* LaunchScreen.storyboard */,
			);
			path = Scene;
			sourceTree = "<group>";
		};
		3E3A053820AD25AE0019CFC1 /* Home */ = {
			isa = PBXGroup;
			children = (
				3E5CD54020AD42F300BEEADB /* HomeViewController.swift */,
				3EEABB6926E21E730053A6DA /* HomeViewModel.swift */,
			);
			path = Home;
			sourceTree = "<group>";
		};
		3E3A053920AD25B40019CFC1 /* Search */ = {
			isa = PBXGroup;
			children = (
				3E43828D20B65EE000BCBDDC /* HistoryViewController.swift */,
				3E5CD53A20AD42D000BEEADB /* SearchViewController.swift */,
			);
			path = Search;
			sourceTree = "<group>";
		};
		3E3A053A20AD25BB0019CFC1 /* Settings */ = {
			isa = PBXGroup;
			children = (
				3E5CD53820AD42C200BEEADB /* SettingsViewController.swift */,
				3EFB23B920B58421002C92FF /* SettingsViewModel.swift */,
			);
			path = Settings;
			sourceTree = "<group>";
		};
		3E5187DA20C82E5500FC8937 /* Generated */ = {
			isa = PBXGroup;
			children = (
				3EDE989F26B2659D00C3AC91 /* Strings.swift */,
				3E5187DB20C82EB000FC8937 /* MINQAssets.swift */,
				3E431F45269EE4AB0067D91D /* MINQStoryboards.swift */,
			);
			path = Generated;
			sourceTree = "<group>";
		};
		3E57231626A9073600E4D47D /* Channel */ = {
			isa = PBXGroup;
			children = (
				3E57231726A907A500E4D47D /* ChannelsViewController.swift */,
				3E57231926A9256F00E4D47D /* ChannelHeader.swift */,
				3E57231D26A9704300E4D47D /* ChannelsViewModel.swift */,
			);
			path = Channel;
			sourceTree = "<group>";
		};
		3E5E1E1C26E8B56C0098F0E3 /* Common */ = {
			isa = PBXGroup;
			children = (
				3E57231B26A96BC900E4D47D /* ChannelCell.swift */,
				3EECC0CC26E3824B005C9127 /* CommentView.swift */,
				3ECC12D826DE12D100A495E1 /* ComplementalState */,
				3E43828F20B65F2600BCBDDC /* HistoryCell.swift */,
				3EF5B5D526C2A9A900FFC11C /* HorizontalBorder.swift */,
				3E5CD55120AD628600BEEADB /* ItemCollectionCell.swift */,
				3EF5B5D326C2A90200FFC11C /* LoadingCell.swift */,
				3E907F3020B3E61A006A3478 /* Navigator.swift */,
				3EFB23BD20B589A0002C92FF /* NonSignedinView.swift */,
				3EDD736F26E0F5320014C2A9 /* ReloadableFooterCell.swift */,
				3E700F4E26883CE500B9255D /* ReloadableFooterView.swift */,
				3E700F5026883D6500B9255D /* ReloadableFooterView.xib */,
				3EFB23BB20B58995002C92FF /* SignedinUserView.swift */,
				3ED29885269148D300EFA887 /* StatsView.swift */,
				3E7C919026EE153B0025DB61 /* TagsView.swift */,
				3E5E1E1A26E8AF4B0098F0E3 /* UserButton.swift */,
			);
			path = Common;
			sourceTree = "<group>";
		};
		3E8D2BBA20AE9D000024ABB7 /* Record */ = {
			isa = PBXGroup;
			children = (
				3E5187DD20C82EB100FC8937 /* ItemRecord.swift */,
				3E8D2BBB20AE9D240024ABB7 /* ItemCollectionRecord.swift */,
				3E5187DE20C82EB100FC8937 /* TagRecord.swift */,
				3E5187DF20C82EB100FC8937 /* UserRecord.swift */,
				3E91752226AD951A00C6CE4F /* FollowingTagRecord.swift */,
				3EEABB6726E2087F0053A6DA /* WatchingTagRecord.swift */,
			);
			path = Record;
			sourceTree = "<group>";
		};
		3E907F3E20B40B75006A3478 /* ItemDetail */ = {
			isa = PBXGroup;
			children = (
				3E907F3420B3F5DA006A3478 /* ItemDetail.storyboard */,
				3E700F4A2688027F00B9255D /* ItemDetailHeaderView.swift */,
				3E907F3620B3F5E7006A3478 /* ItemDetailViewController.swift */,
				3E907F3C20B40B6F006A3478 /* ItemDetailViewModel.swift */,
			);
			path = ItemDetail;
			sourceTree = "<group>";
		};
		3EC3AF0726F5C8DA009DB7AE /* Components */ = {
			isa = PBXGroup;
			children = (
				3E5E1E1C26E8B56C0098F0E3 /* Common */,
				3E3A053720AD259E0019CFC1 /* Scene */,
			);
			path = Components;
			sourceTree = "<group>";
		};
		3ECC12CF26DDE7A300A495E1 /* Repository */ = {
			isa = PBXGroup;
			children = (
				3ECC12D026DDE7B600A495E1 /* ItemRepository.swift */,
				3ECC12D226DDE95E00A495E1 /* ItemTagRepository.swift */,
				3ECC12D426DDE9E600A495E1 /* UserRepository.swift */,
				3ECC12D626DDEB1D00A495E1 /* AuthenticationRepository.swift */,
				3ED9EFBB26DFC5F20069C45D /* WatchingTagRepository.swift */,
				3ED9EFBD26DFC8210069C45D /* FollowingTagRepository.swift */,
				3EECC0C826E356C3005C9127 /* CommentRepository.swift */,
			);
			path = Repository;
			sourceTree = "<group>";
		};
		3ECC12D826DE12D100A495E1 /* ComplementalState */ = {
			isa = PBXGroup;
			children = (
				3E43829320B674E700BCBDDC /* AuthRequiredView.swift */,
				3E43829520B6750700BCBDDC /* AuthRequiredView.xib */,
				3E700F572688506A00B9255D /* ComplementalStateView.swift */,
				3E1D87A920B3BA0000E9F950 /* EmptyStateView.swift */,
				3E1D87A720B3BA0000E9F950 /* EmptyStateView.xib */,
				3E1D87AB20B3BA0000E9F950 /* FailedStateView.swift */,
				3E1D87AA20B3BA0000E9F950 /* FailedStateView.xib */,
				3E1D87AC20B3BA0000E9F950 /* InitialStateView.swift */,
				3E1D87A820B3BA0000E9F950 /* LoadingStateView.swift */,
				3ED2988D2691CE5600EFA887 /* SorryView.swift */,
				3ED2988B2691CDCF00EFA887 /* SorryView.xib */,
			);
			path = ComplementalState;
			sourceTree = "<group>";
		};
		3EE6103B26DBD711008886C0 /* Comments */ = {
			isa = PBXGroup;
			children = (
				3EBE76BB26933B6500CBBAB2 /* CommentsViewController.swift */,
				3EECC0C226E35511005C9127 /* CommentsViewModel.swift */,
				3EECC0C426E3551B005C9127 /* CommentsViewStore.swift */,
			);
			path = Comments;
			sourceTree = "<group>";
		};
		3EFE389120C7EC7F00ABD589 /* Secrets */ = {
			isa = PBXGroup;
			children = (
				3E2ED41120C7CC12008F1E69 /* GoogleService-Info.plist */,
			);
			name = Secrets;
			sourceTree = "<group>";
		};
		C58B0D5F8A7D576A5EA921E5 /* Frameworks */ = {
			isa = PBXGroup;
			children = (
				3EA9CA6126871DA700F0E137 /* Nimble.xcframework */,
				3EA9CA6226871DA700F0E137 /* Quick.xcframework */,
				3E144FF620CE29F800ECACAE /* FBSnapshotTestCase.framework */,
				3E144FF720CE29F800ECACAE /* Nimble.framework */,
				3E144FF520CE29F700ECACAE /* Quick.framework */,
				3EF74FD320CBA4A0006A4DD0 /* FontAwesome.framework */,
				3E907F3F20B43F11006A3478 /* SwiftDate.framework */,
				3E5CD55520AD6B3900BEEADB /* PagingMenuController.framework */,
				3E1A1FC220A966CE00B571D2 /* Alamofire.framework */,
				3E1A1FBE20A966CE00B571D2 /* Defaults.framework */,
				3E1A1FC020A966CE00B571D2 /* FluxxKit.framework */,
				3E1A1FCC20A966CF00B571D2 /* KeychainAccess.framework */,
				3E1A1FCD20A966CF00B571D2 /* Kingfisher.framework */,
				3E1A1FC120A966CE00B571D2 /* MarkdownView.framework */,
				3E1A1FC620A966CF00B571D2 /* Moya.framework */,
				3E1A1FC320A966CE00B571D2 /* Reachability.framework */,
				3E1A1FCA20A966CF00B571D2 /* Realm.framework */,
				3E1A1FC420A966CE00B571D2 /* RealmSwift.framework */,
				3E1A1FCB20A966CF00B571D2 /* Result.framework */,
				3E1A1FC920A966CF00B571D2 /* Reusable.framework */,
				3E1A1FC520A966CE00B571D2 /* RxCocoa.framework */,
				3E1A1FBF20A966CE00B571D2 /* RxMoya.framework */,
				3E1A1FC820A966CF00B571D2 /* RxSwift.framework */,
				3E1A1FC720A966CF00B571D2 /* SwiftyBeaver.framework */,
				57F673D97D50C0FEC925042A /* libPods-MINQ.a */,
				36D5490CB31F770FFE1A9EF3 /* libPods-MINQTests.a */,
			);
			name = Frameworks;
			sourceTree = "<group>";
		};
		F5473C52AF9D024FE3B44678 /* Pods */ = {
			isa = PBXGroup;
			children = (
				95733BA89620D64CDE4D36A0 /* Pods-MINQ.debug.xcconfig */,
				CC745302C0827CBFBC58D126 /* Pods-MINQ.release.xcconfig */,
				16BB095E8EDBE0FCDDB3F76A /* Pods-MINQTests.debug.xcconfig */,
				9CC568BA8705D27097B413AC /* Pods-MINQTests.release.xcconfig */,
			);
			name = Pods;
			sourceTree = "<group>";
		};
/* End PBXGroup section */

/* Begin PBXNativeTarget section */
		3E22C7AA20A95391000A28A6 /* MINQ */ = {
			isa = PBXNativeTarget;
			buildConfigurationList = 3E22C7BD20A95393000A28A6 /* Build configuration list for PBXNativeTarget "MINQ" */;
			buildPhases = (
				D2F1E82E6DADDC1185A837C3 /* [CP] Check Pods Manifest.lock */,
				3E2ED41020C7C9DD008F1E69 /* Firebase */,
				3ECB59C220A961AC0037BD99 /* SwiftGen */,
				3ECB59C120A961A50037BD99 /* SwiftLint */,
				3E22C7A720A95391000A28A6 /* Sources */,
				3E22C7A820A95391000A28A6 /* Frameworks */,
				3E22C7A920A95391000A28A6 /* Resources */,
				3E76953620CA50E10007FCAF /* WriteVersion */,
				3E76953920CA52AB0007FCAF /* LiensePlist */,
				50903915C7967402DFDB12B2 /* [CP] Copy Pods Resources */,
			);
			buildRules = (
			);
			dependencies = (
			);
			name = MINQ;
			productName = MINQ;
			productReference = 3E22C7AB20A95391000A28A6 /* MINQ.app */;
			productType = "com.apple.product-type.application";
		};
/* End PBXNativeTarget section */

/* Begin PBXProject section */
		3E22C7A320A95390000A28A6 /* Project object */ = {
			isa = PBXProject;
			attributes = {
				LastSwiftUpdateCheck = 0930;
				LastUpgradeCheck = 1250;
				ORGANIZATIONNAME = keeeita;
				TargetAttributes = {
					3E22C7AA20A95391000A28A6 = {
						CreatedOnToolsVersion = 9.3.1;
						LastSwiftMigration = 1000;
					};
				};
			};
			buildConfigurationList = 3E22C7A620A95390000A28A6 /* Build configuration list for PBXProject "MINQ" */;
			compatibilityVersion = "Xcode 9.3";
			developmentRegion = en;
			hasScannedForEncodings = 0;
			knownRegions = (
				en,
				Base,
				ja,
			);
			mainGroup = 3E22C7A220A95390000A28A6;
			productRefGroup = 3E22C7AC20A95391000A28A6 /* Products */;
			projectDirPath = "";
			projectRoot = "";
			targets = (
				3E22C7AA20A95391000A28A6 /* MINQ */,
			);
		};
/* End PBXProject section */

/* Begin PBXResourcesBuildPhase section */
		3E22C7A920A95391000A28A6 /* Resources */ = {
			isa = PBXResourcesBuildPhase;
			buildActionMask = 2147483647;
			files = (
				3E1D87AF20B3BA0100E9F950 /* EmptyStateView.xib in Resources */,
				3E22C7B920A95393000A28A6 /* LaunchScreen.storyboard in Resources */,
				3ED2988C2691CDCF00EFA887 /* SorryView.xib in Resources */,
				3ECB59C620A965CA0037BD99 /* Colors.xcassets in Resources */,
				3E325DB226EC8815005E6E09 /* markdown-it-footnote.min.js in Resources */,
				3E700F5126883D6500B9255D /* ReloadableFooterView.xib in Resources */,
				3E43829620B6750700BCBDDC /* AuthRequiredView.xib in Resources */,
				3E2ED41220C7CC12008F1E69 /* GoogleService-Info.plist in Resources */,
				3E325DBA26EC8D9B005E6E09 /* markdown-it-sup.min.js in Resources */,
				3EA0886026EFA8CF00081470 /* markdown-it-katex.min.js in Resources */,
				3E76953820CA51090007FCAF /* Settings.bundle in Resources */,
				3E325DA926EC433F005E6E09 /* highlight.css in Resources */,
				3E325DBC26EC8DB0005E6E09 /* markdown-it-sub.min.js in Resources */,
				3E1D87B220B3BA0100E9F950 /* FailedStateView.xib in Resources */,
				3E907F3520B3F5DA006A3478 /* ItemDetail.storyboard in Resources */,
				3E22C7B620A95393000A28A6 /* Images.xcassets in Resources */,
				3E325DAB26EC4B1C005E6E09 /* iPad.css in Resources */,
				3EDE98A326B2671900C3AC91 /* Localizable.strings in Resources */,
				3E325DA726EC425A005E6E09 /* github_styled.css in Resources */,
			);
			runOnlyForDeploymentPostprocessing = 0;
		};
/* End PBXResourcesBuildPhase section */

/* Begin PBXShellScriptBuildPhase section */
		3E2ED41020C7C9DD008F1E69 /* Firebase */ = {
			isa = PBXShellScriptBuildPhase;
			buildActionMask = 2147483647;
			files = (
			);
			inputPaths = (
			);
			name = Firebase;
			outputPaths = (
			);
			runOnlyForDeploymentPostprocessing = 0;
			shellPath = /bin/sh;
			shellScript = "# Replace GoogleService-Info.plist\n\nDIRECTORY=\"${SRCROOT}/config\"\nTO=\"${DIRECTORY}/GoogleService-Info.plist\"\n\nif [ \"${CONFIGURATION}\" = \"Release\" ]; then\n    FROM=\"${DIRECTORY}/GoogleService-Info.Release.plist\"\nelse\n    FROM=\"${DIRECTORY}/GoogleService-Info.Debug.plist\"\nfi\n\nif [ -f \"${FROM}\" ]; then\n    cp \"${FROM}\" \"${TO}\"\nelse\n    echo \"${FROM} not found.\"\n    exit 1;\nfi\n";
		};
		3E76953620CA50E10007FCAF /* WriteVersion */ = {
			isa = PBXShellScriptBuildPhase;
			buildActionMask = 2147483647;
			files = (
			);
			inputPaths = (
			);
			name = WriteVersion;
			outputPaths = (
			);
			runOnlyForDeploymentPostprocessing = 0;
			shellPath = /bin/sh;
			shellScript = "APP_VERSION=$(/usr/libexec/PlistBuddy -c \"Print CFBundleShortVersionString\" $PRODUCT_SETTINGS_PATH)\n/usr/libexec/PlistBuddy -c \"Set :PreferenceSpecifiers:0:DefaultValue ${APP_VERSION}\" \"${PRODUCT_NAME}/Settings.bundle/Root.plist\"\n\nBUILD_NUMBER=$(/usr/libexec/PlistBuddy -c \"Print CFBundleVersion\" $PRODUCT_SETTINGS_PATH)\n/usr/libexec/PlistBuddy -c \"Set :PreferenceSpecifiers:1:DefaultValue ${BUILD_NUMBER}\" \"${PRODUCT_NAME}/Settings.bundle/Root.plist\"\n";
		};
		3E76953920CA52AB0007FCAF /* LiensePlist */ = {
			isa = PBXShellScriptBuildPhase;
			buildActionMask = 2147483647;
			files = (
			);
			inputPaths = (
			);
			name = LiensePlist;
			outputPaths = (
			);
			runOnlyForDeploymentPostprocessing = 0;
			shellPath = /bin/sh;
			shellScript = "if [ $CONFIGURATION = \"Debug\" ]; then\n    /opt/homebrew/bin/license-plist --output-path $PRODUCT_NAME/Settings.bundle\nfi\n";
		};
		3ECB59C120A961A50037BD99 /* SwiftLint */ = {
			isa = PBXShellScriptBuildPhase;
			buildActionMask = 2147483647;
			files = (
			);
			inputPaths = (
			);
			name = SwiftLint;
			outputPaths = (
			);
			runOnlyForDeploymentPostprocessing = 0;
			shellPath = /bin/sh;
			shellScript = "\"${PODS_ROOT}/SwiftLint/swiftlint\" \"autocorrect\"\n\"${PODS_ROOT}/SwiftLint/swiftlint\"\n";
		};
		3ECB59C220A961AC0037BD99 /* SwiftGen */ = {
			isa = PBXShellScriptBuildPhase;
			buildActionMask = 2147483647;
			files = (
			);
			inputPaths = (
			);
			name = SwiftGen;
			outputPaths = (
			);
			runOnlyForDeploymentPostprocessing = 0;
			shellPath = /bin/sh;
			shellScript = "\"${PODS_ROOT}/SwiftGen/bin/swiftgen\" \"config\" \"run\"\n";
		};
		50903915C7967402DFDB12B2 /* [CP] Copy Pods Resources */ = {
			isa = PBXShellScriptBuildPhase;
			buildActionMask = 2147483647;
			files = (
			);
			inputFileListPaths = (
				"${PODS_ROOT}/Target Support Files/Pods-MINQ/Pods-MINQ-resources-${CONFIGURATION}-input-files.xcfilelist",
			);
			name = "[CP] Copy Pods Resources";
			outputFileListPaths = (
				"${PODS_ROOT}/Target Support Files/Pods-MINQ/Pods-MINQ-resources-${CONFIGURATION}-output-files.xcfilelist",
			);
			runOnlyForDeploymentPostprocessing = 0;
			shellPath = /bin/sh;
			shellScript = "\"${PODS_ROOT}/Target Support Files/Pods-MINQ/Pods-MINQ-resources.sh\"\n";
			showEnvVarsInLog = 0;
		};
		D2F1E82E6DADDC1185A837C3 /* [CP] Check Pods Manifest.lock */ = {
			isa = PBXShellScriptBuildPhase;
			buildActionMask = 2147483647;
			files = (
			);
			inputPaths = (
				"${PODS_PODFILE_DIR_PATH}/Podfile.lock",
				"${PODS_ROOT}/Manifest.lock",
			);
			name = "[CP] Check Pods Manifest.lock";
			outputPaths = (
				"$(DERIVED_FILE_DIR)/Pods-MINQ-checkManifestLockResult.txt",
			);
			runOnlyForDeploymentPostprocessing = 0;
			shellPath = /bin/sh;
			shellScript = "diff \"${PODS_PODFILE_DIR_PATH}/Podfile.lock\" \"${PODS_ROOT}/Manifest.lock\" > /dev/null\nif [ $? != 0 ] ; then\n    # print error to STDERR\n    echo \"error: The sandbox is not in sync with the Podfile.lock. Run 'pod install' or update your CocoaPods installation.\" >&2\n    exit 1\nfi\n# This output is used by Xcode 'outputs' to avoid re-running this script phase.\necho \"SUCCESS\" > \"${SCRIPT_OUTPUT_FILE_0}\"\n";
			showEnvVarsInLog = 0;
		};
/* End PBXShellScriptBuildPhase section */

/* Begin PBXSourcesBuildPhase section */
		3E22C7A720A95391000A28A6 /* Sources */ = {
			isa = PBXSourcesBuildPhase;
			buildActionMask = 2147483647;
			files = (
				3EECC0C526E3551B005C9127 /* CommentsViewStore.swift in Sources */,
				3E1D87B320B3BA0100E9F950 /* FailedStateView.swift in Sources */,
				3E35323F20B5648E0013CEBE /* AppRootViewModel.swift in Sources */,
				3E700F582688506A00B9255D /* ComplementalStateView.swift in Sources */,
				3E35323B20B53BB40013CEBE /* UIProgressView.swift in Sources */,
				3E2101BC20AC094E0023FA06 /* AuthenticationPlugin.swift in Sources */,
				3E5CD55220AD628600BEEADB /* ItemCollectionCell.swift in Sources */,
				3E8D2BBF20AEB1D40024ABB7 /* URL.swift in Sources */,
				3E5CD54320AD447B00BEEADB /* AppInfo.swift in Sources */,
				3EECC0CD26E3824B005C9127 /* CommentView.swift in Sources */,
				3E325DB826EC8B6D005E6E09 /* Markdown.swift in Sources */,
				3E2ED41520C7D547008F1E69 /* AnalyticsService.swift in Sources */,
				3E210E3C269AF8F300B07689 /* Icon.swift in Sources */,
				3E19B52420AAF1C9005F3745 /* Item.swift in Sources */,
				3EFB23BE20B589A0002C92FF /* NonSignedinView.swift in Sources */,
				3EECC0C726E355E8005C9127 /* Comment.swift in Sources */,
				3E57231E26A9704300E4D47D /* ChannelsViewModel.swift in Sources */,
				3ED9EFBC26DFC5F20069C45D /* WatchingTagRepository.swift in Sources */,
				3E8D2BB520AE912E0024ABB7 /* RequestState.swift in Sources */,
				3E907F3720B3F5E7006A3478 /* ItemDetailViewController.swift in Sources */,
				3E907F3B20B409EF006A3478 /* MINQDatabase.swift in Sources */,
				3E5CD54120AD42F300BEEADB /* HomeViewController.swift in Sources */,
				3E5CD54720AD4A3800BEEADB /* MINQExtension.swift in Sources */,
				3E210E3E269AF93F00B07689 /* Constant.swift in Sources */,
				3EECC0C126E33EDB005C9127 /* ReviewRequestService.swift in Sources */,
				3E57231826A907A500E4D47D /* ChannelsViewController.swift in Sources */,
				3EDE98A026B2659D00C3AC91 /* Strings.swift in Sources */,
				3E8D2BB320AE8F220024ABB7 /* ItemCollectionStore.swift in Sources */,
				3E5187E420C82EB100FC8937 /* UserRecord.swift in Sources */,
				3EEABB6826E2087F0053A6DA /* WatchingTagRecord.swift in Sources */,
				3E3A053C20AD25FD0019CFC1 /* AppRootViewController.swift in Sources */,
				3E2101B020ABF1A10023FA06 /* OAuthService.swift in Sources */,
				3ECC12D326DDE95E00A495E1 /* ItemTagRepository.swift in Sources */,
				3E1D87B120B3BA0100E9F950 /* EmptyStateView.swift in Sources */,
				3E19B52620AAF1D2005F3745 /* User.swift in Sources */,
				3E8D2BBC20AE9D240024ABB7 /* ItemCollectionRecord.swift in Sources */,
				3EFB23BC20B58995002C92FF /* SignedinUserView.swift in Sources */,
				3EECC0C326E35511005C9127 /* CommentsViewModel.swift in Sources */,
				3E19B52B20AAF391005F3745 /* MINQCodable.swift in Sources */,
				3E19B53320AAF99A005F3745 /* API.swift in Sources */,
				3EE6103A26DBD1AC008886C0 /* IndexPath.swift in Sources */,
				3E91752326AD951A00C6CE4F /* FollowingTagRecord.swift in Sources */,
				3E2101BA20AC07CD0023FA06 /* Debugger.swift in Sources */,
				3E19B53920AB1C6E005F3745 /* Link.swift in Sources */,
				3E5CD54520AD4A0300BEEADB /* UIViewController.swift in Sources */,
				3E0EF36F26AE6F4100D6E3BD /* FollowingTag.swift in Sources */,
				3E19B52820AAF1DA005F3745 /* ItemTag.swift in Sources */,
				3E700F4F26883CE500B9255D /* ReloadableFooterView.swift in Sources */,
				3E22C7AF20A95391000A28A6 /* AppDelegate.swift in Sources */,
				3ED29886269148D300EFA887 /* StatsView.swift in Sources */,
				3ED2988E2691CE5600EFA887 /* SorryView.swift in Sources */,
				3ECC12D726DDEB1D00A495E1 /* AuthenticationRepository.swift in Sources */,
				3E5CD54E20AD61A000BEEADB /* ItemCollectionViewController.swift in Sources */,
				3E5187E320C82EB100FC8937 /* TagRecord.swift in Sources */,
				3E19B53720AB09B3005F3745 /* Container.swift in Sources */,
				3E43829020B65F2600BCBDDC /* HistoryCell.swift in Sources */,
				3E907F3D20B40B6F006A3478 /* ItemDetailViewModel.swift in Sources */,
				3E1D87B020B3BA0100E9F950 /* LoadingStateView.swift in Sources */,
				3EBE76BC26933B6500CBBAB2 /* CommentsViewController.swift in Sources */,
				3E2101B820AC07530023FA06 /* NetworkLoggingPlugin.swift in Sources */,
				3E0A5E4B2699A6F5004C3AB4 /* WatchingState.swift in Sources */,
				3E2101B520AC05420023FA06 /* ErrorMessage.swift in Sources */,
				3E700F5626884C0D00B9255D /* TypeAlias.swift in Sources */,
				3EF5B5D426C2A90200FFC11C /* LoadingCell.swift in Sources */,
				3E43829420B674E700BCBDDC /* AuthRequiredView.swift in Sources */,
				3EF5B5D626C2A9A900FFC11C /* HorizontalBorder.swift in Sources */,
				3ED9EFBE26DFC8210069C45D /* FollowingTagRepository.swift in Sources */,
				3EE5033520ABD02100B6A968 /* RateLimit.swift in Sources */,
				3E210E37269AAAF500B07689 /* ItemCollectionViewModel.swift in Sources */,
				3E7C919126EE153B0025DB61 /* TagsView.swift in Sources */,
				3E57231A26A9256F00E4D47D /* ChannelHeader.swift in Sources */,
				3E3A053E20AD26220019CFC1 /* MenuViewController.swift in Sources */,
				3E5CD55420AD64F400BEEADB /* ItemQuery.swift in Sources */,
				3E5CD53920AD42C200BEEADB /* SettingsViewController.swift in Sources */,
				3E43828E20B65EE000BCBDDC /* HistoryViewController.swift in Sources */,
				3E1D87B420B3BA0100E9F950 /* InitialStateView.swift in Sources */,
				3E57231C26A96BC900E4D47D /* ChannelCell.swift in Sources */,
				3E19B53520AB0765005F3745 /* Paging.swift in Sources */,
				3EDD737026E0F5320014C2A9 /* ReloadableFooterCell.swift in Sources */,
				3E5E1E1B26E8AF4B0098F0E3 /* UserButton.swift in Sources */,
				3ED2988426906F4500EFA887 /* UIImage.swift in Sources */,
				3E907F3120B3E61A006A3478 /* Navigator.swift in Sources */,
				3E210E3A269AF85100B07689 /* Style.swift in Sources */,
				3E5CD54920AD4ACB00BEEADB /* UIView.swift in Sources */,
				3EFB23BA20B58421002C92FF /* SettingsViewModel.swift in Sources */,
				3ED298822690624100EFA887 /* UILabel.swift in Sources */,
				3ECC12D526DDE9E600A495E1 /* UserRepository.swift in Sources */,
				3E5187E020C82EB100FC8937 /* MINQAssets.swift in Sources */,
				3E5187E220C82EB100FC8937 /* ItemRecord.swift in Sources */,
				3ECC12D126DDE7B600A495E1 /* ItemRepository.swift in Sources */,
				3EECC0C926E356C3005C9127 /* CommentRepository.swift in Sources */,
				3E431F46269EE4AB0067D91D /* MINQStoryboards.swift in Sources */,
				3E2101B320ABF89F0023FA06 /* Authentication.swift in Sources */,
				3E700F4B2688027F00B9255D /* ItemDetailHeaderView.swift in Sources */,
				3EEABB6A26E21E730053A6DA /* HomeViewModel.swift in Sources */,
				3E5CD53B20AD42D000BEEADB /* SearchViewController.swift in Sources */,
			);
			runOnlyForDeploymentPostprocessing = 0;
		};
/* End PBXSourcesBuildPhase section */

/* Begin PBXVariantGroup section */
		3E22C7B720A95393000A28A6 /* LaunchScreen.storyboard */ = {
			isa = PBXVariantGroup;
			children = (
				3E22C7B820A95393000A28A6 /* Base */,
			);
			name = LaunchScreen.storyboard;
			sourceTree = "<group>";
		};
/* End PBXVariantGroup section */

/* Begin XCBuildConfiguration section */
		3E22C7BB20A95393000A28A6 /* Debug */ = {
			isa = XCBuildConfiguration;
			buildSettings = {
				ALWAYS_SEARCH_USER_PATHS = NO;
				CLANG_ANALYZER_LOCALIZABILITY_NONLOCALIZED = YES;
				CLANG_ANALYZER_NONNULL = YES;
				CLANG_ANALYZER_NUMBER_OBJECT_CONVERSION = YES_AGGRESSIVE;
				CLANG_CXX_LANGUAGE_STANDARD = "gnu++14";
				CLANG_CXX_LIBRARY = "libc++";
				CLANG_ENABLE_MODULES = YES;
				CLANG_ENABLE_OBJC_ARC = YES;
				CLANG_ENABLE_OBJC_WEAK = YES;
				CLANG_WARN_BLOCK_CAPTURE_AUTORELEASING = YES;
				CLANG_WARN_BOOL_CONVERSION = YES;
				CLANG_WARN_COMMA = YES;
				CLANG_WARN_CONSTANT_CONVERSION = YES;
				CLANG_WARN_DEPRECATED_OBJC_IMPLEMENTATIONS = YES;
				CLANG_WARN_DIRECT_OBJC_ISA_USAGE = YES_ERROR;
				CLANG_WARN_DOCUMENTATION_COMMENTS = YES;
				CLANG_WARN_EMPTY_BODY = YES;
				CLANG_WARN_ENUM_CONVERSION = YES;
				CLANG_WARN_INFINITE_RECURSION = YES;
				CLANG_WARN_INT_CONVERSION = YES;
				CLANG_WARN_NON_LITERAL_NULL_CONVERSION = YES;
				CLANG_WARN_OBJC_IMPLICIT_RETAIN_SELF = YES;
				CLANG_WARN_OBJC_LITERAL_CONVERSION = YES;
				CLANG_WARN_OBJC_ROOT_CLASS = YES_ERROR;
				CLANG_WARN_QUOTED_INCLUDE_IN_FRAMEWORK_HEADER = YES;
				CLANG_WARN_RANGE_LOOP_ANALYSIS = YES;
				CLANG_WARN_STRICT_PROTOTYPES = YES;
				CLANG_WARN_SUSPICIOUS_MOVE = YES;
				CLANG_WARN_UNGUARDED_AVAILABILITY = YES_AGGRESSIVE;
				CLANG_WARN_UNREACHABLE_CODE = YES;
				CLANG_WARN__DUPLICATE_METHOD_MATCH = YES;
				CODE_SIGN_IDENTITY = "iPhone Developer";
				COPY_PHASE_STRIP = NO;
				DEBUG_INFORMATION_FORMAT = dwarf;
				ENABLE_STRICT_OBJC_MSGSEND = YES;
				ENABLE_TESTABILITY = YES;
				GCC_C_LANGUAGE_STANDARD = gnu11;
				GCC_DYNAMIC_NO_PIC = NO;
				GCC_NO_COMMON_BLOCKS = YES;
				GCC_OPTIMIZATION_LEVEL = 0;
				GCC_PREPROCESSOR_DEFINITIONS = (
					"DEBUG=1",
					"$(inherited)",
				);
				GCC_WARN_64_TO_32_BIT_CONVERSION = YES;
				GCC_WARN_ABOUT_RETURN_TYPE = YES_ERROR;
				GCC_WARN_UNDECLARED_SELECTOR = YES;
				GCC_WARN_UNINITIALIZED_AUTOS = YES_AGGRESSIVE;
				GCC_WARN_UNUSED_FUNCTION = YES;
				GCC_WARN_UNUSED_VARIABLE = YES;
				IPHONEOS_DEPLOYMENT_TARGET = 14.5;
				MTL_ENABLE_DEBUG_INFO = YES;
				ONLY_ACTIVE_ARCH = YES;
				SDKROOT = iphoneos;
				SWIFT_ACTIVE_COMPILATION_CONDITIONS = DEBUG;
				SWIFT_OPTIMIZATION_LEVEL = "-Onone";
				SWIFT_VERSION = 4.0;
			};
			name = Debug;
		};
		3E22C7BC20A95393000A28A6 /* Release */ = {
			isa = XCBuildConfiguration;
			buildSettings = {
				ALWAYS_SEARCH_USER_PATHS = NO;
				CLANG_ANALYZER_LOCALIZABILITY_NONLOCALIZED = YES;
				CLANG_ANALYZER_NONNULL = YES;
				CLANG_ANALYZER_NUMBER_OBJECT_CONVERSION = YES_AGGRESSIVE;
				CLANG_CXX_LANGUAGE_STANDARD = "gnu++14";
				CLANG_CXX_LIBRARY = "libc++";
				CLANG_ENABLE_MODULES = YES;
				CLANG_ENABLE_OBJC_ARC = YES;
				CLANG_ENABLE_OBJC_WEAK = YES;
				CLANG_WARN_BLOCK_CAPTURE_AUTORELEASING = YES;
				CLANG_WARN_BOOL_CONVERSION = YES;
				CLANG_WARN_COMMA = YES;
				CLANG_WARN_CONSTANT_CONVERSION = YES;
				CLANG_WARN_DEPRECATED_OBJC_IMPLEMENTATIONS = YES;
				CLANG_WARN_DIRECT_OBJC_ISA_USAGE = YES_ERROR;
				CLANG_WARN_DOCUMENTATION_COMMENTS = YES;
				CLANG_WARN_EMPTY_BODY = YES;
				CLANG_WARN_ENUM_CONVERSION = YES;
				CLANG_WARN_INFINITE_RECURSION = YES;
				CLANG_WARN_INT_CONVERSION = YES;
				CLANG_WARN_NON_LITERAL_NULL_CONVERSION = YES;
				CLANG_WARN_OBJC_IMPLICIT_RETAIN_SELF = YES;
				CLANG_WARN_OBJC_LITERAL_CONVERSION = YES;
				CLANG_WARN_OBJC_ROOT_CLASS = YES_ERROR;
				CLANG_WARN_QUOTED_INCLUDE_IN_FRAMEWORK_HEADER = YES;
				CLANG_WARN_RANGE_LOOP_ANALYSIS = YES;
				CLANG_WARN_STRICT_PROTOTYPES = YES;
				CLANG_WARN_SUSPICIOUS_MOVE = YES;
				CLANG_WARN_UNGUARDED_AVAILABILITY = YES_AGGRESSIVE;
				CLANG_WARN_UNREACHABLE_CODE = YES;
				CLANG_WARN__DUPLICATE_METHOD_MATCH = YES;
				CODE_SIGN_IDENTITY = "iPhone Developer";
				COPY_PHASE_STRIP = NO;
				DEBUG_INFORMATION_FORMAT = "dwarf-with-dsym";
				ENABLE_NS_ASSERTIONS = NO;
				ENABLE_STRICT_OBJC_MSGSEND = YES;
				GCC_C_LANGUAGE_STANDARD = gnu11;
				GCC_NO_COMMON_BLOCKS = YES;
				GCC_OPTIMIZATION_LEVEL = fast;
				GCC_PREPROCESSOR_DEFINITIONS = "RELEASE=1";
				GCC_WARN_64_TO_32_BIT_CONVERSION = YES;
				GCC_WARN_ABOUT_RETURN_TYPE = YES_ERROR;
				GCC_WARN_UNDECLARED_SELECTOR = YES;
				GCC_WARN_UNINITIALIZED_AUTOS = YES_AGGRESSIVE;
				GCC_WARN_UNUSED_FUNCTION = YES;
				GCC_WARN_UNUSED_VARIABLE = YES;
				IPHONEOS_DEPLOYMENT_TARGET = 14.5;
				MTL_ENABLE_DEBUG_INFO = NO;
				SDKROOT = iphoneos;
				SWIFT_ACTIVE_COMPILATION_CONDITIONS = RELEASE;
				SWIFT_COMPILATION_MODE = wholemodule;
				SWIFT_OPTIMIZATION_LEVEL = "-Osize";
				SWIFT_VERSION = 4.0;
				VALIDATE_PRODUCT = YES;
			};
			name = Release;
		};
		3E22C7BE20A95393000A28A6 /* Debug */ = {
			isa = XCBuildConfiguration;
			baseConfigurationReference = 95733BA89620D64CDE4D36A0 /* Pods-MINQ.debug.xcconfig */;
			buildSettings = {
				ASSETCATALOG_COMPILER_APPICON_NAME = AppIcon;
				CODE_SIGN_IDENTITY = "iPhone Developer";
				CODE_SIGN_STYLE = Manual;
				CURRENT_PROJECT_VERSION = 14;
				DEVELOPMENT_TEAM = XF6BW7ZJN2;
				DISPLAY_NAME_SUFFIX = .dev;
				FRAMEWORK_SEARCH_PATHS = "$(inherited)";
				INFOPLIST_FILE = MINQ/Info.plist;
				INFOPLIST_PREPROCESS = YES;
				LD_RUNPATH_SEARCH_PATHS = (
					"$(inherited)",
					"@executable_path/Frameworks",
				);
				MARKETING_VERSION = 4.0.1;
				PRODUCT_BUNDLE_IDENTIFIER = com.keita.oouchi.minQ.dev;
				PRODUCT_NAME = MINQ;
				PROVISIONING_PROFILE = "655ce0cc-07d4-4f56-9721-21ebdddd9d62";
				PROVISIONING_PROFILE_SPECIFIER = "match Development com.keita.oouchi.minQ.dev 1630760565";
				SWIFT_VERSION = 5.0;
				TARGETED_DEVICE_FAMILY = "1,2";
				VERSIONING_SYSTEM = "apple-generic";
			};
			name = Debug;
		};
		3E22C7BF20A95393000A28A6 /* Release */ = {
			isa = XCBuildConfiguration;
			baseConfigurationReference = CC745302C0827CBFBC58D126 /* Pods-MINQ.release.xcconfig */;
			buildSettings = {
				ASSETCATALOG_COMPILER_APPICON_NAME = AppIcon;
				CODE_SIGN_IDENTITY = "iPhone Distribution";
				CODE_SIGN_STYLE = Manual;
				CURRENT_PROJECT_VERSION = 14;
				DEVELOPMENT_TEAM = XF6BW7ZJN2;
				DISPLAY_NAME_SUFFIX = "";
				FRAMEWORK_SEARCH_PATHS = "$(inherited)";
				GCC_OPTIMIZATION_LEVEL = z;
				INFOPLIST_FILE = MINQ/Info.plist;
				INFOPLIST_PREPROCESS = YES;
				LD_RUNPATH_SEARCH_PATHS = (
					"$(inherited)",
					"@executable_path/Frameworks",
				);
				MARKETING_VERSION = 4.0.1;
				PRODUCT_BUNDLE_IDENTIFIER = com.keita.oouchi.minQ;
				PRODUCT_NAME = MINQ;
				PROVISIONING_PROFILE = "73adab5e-42fe-4a28-8adb-fa3aaa440563";
				PROVISIONING_PROFILE_SPECIFIER = "match AppStore com.keita.oouchi.minQ 1630251482";
				SWIFT_VERSION = 5.0;
				TARGETED_DEVICE_FAMILY = "1,2";
				VERSIONING_SYSTEM = "apple-generic";
			};
			name = Release;
		};
/* End XCBuildConfiguration section */

/* Begin XCConfigurationList section */
		3E22C7A620A95390000A28A6 /* Build configuration list for PBXProject "MINQ" */ = {
			isa = XCConfigurationList;
			buildConfigurations = (
				3E22C7BB20A95393000A28A6 /* Debug */,
				3E22C7BC20A95393000A28A6 /* Release */,
			);
			defaultConfigurationIsVisible = 0;
			defaultConfigurationName = Release;
		};
		3E22C7BD20A95393000A28A6 /* Build configuration list for PBXNativeTarget "MINQ" */ = {
			isa = XCConfigurationList;
			buildConfigurations = (
				3E22C7BE20A95393000A28A6 /* Debug */,
				3E22C7BF20A95393000A28A6 /* Release */,
			);
			defaultConfigurationIsVisible = 0;
			defaultConfigurationName = Release;
		};
/* End XCConfigurationList section */
	};
	rootObject = 3E22C7A320A95390000A28A6 /* Project object */;
}
